// !$*UTF8*$!
{
	archiveVersion = 1;
	classes = {
	};
	objectVersion = 50;
	objects = {

/* Begin PBXBuildFile section */
		06B922615C65EE1485C37E08 /* Pods_AR_WorldTests.framework in Frameworks */ = {isa = PBXBuildFile; fileRef = 67CF9617825018452B0CEB8F /* Pods_AR_WorldTests.framework */; };
		67E32A67E755A2DC00EE2C22 /* Pods_AR_World.framework in Frameworks */ = {isa = PBXBuildFile; fileRef = 36A362A0C5DF78963AA42010 /* Pods_AR_World.framework */; };
		7E05073121448336002B2874 /* UIImage+Gif.swift in Sources */ = {isa = PBXBuildFile; fileRef = 7E05072F21448336002B2874 /* UIImage+Gif.swift */; };
		7E05073221448336002B2874 /* iOSDevCenters+GIF.swift in Sources */ = {isa = PBXBuildFile; fileRef = 7E05073021448336002B2874 /* iOSDevCenters+GIF.swift */; };
		7E0507742144835F002B2874 /* Main.storyboard in Resources */ = {isa = PBXBuildFile; fileRef = 7E05076721448357002B2874 /* Main.storyboard */; };
		7E0507752144835F002B2874 /* ViewController.swift in Sources */ = {isa = PBXBuildFile; fileRef = 7E05076821448358002B2874 /* ViewController.swift */; };
		7E0507762144835F002B2874 /* OtherViewController.xib in Resources */ = {isa = PBXBuildFile; fileRef = 7E05076921448359002B2874 /* OtherViewController.xib */; };
		7E0507772144835F002B2874 /* DescriptionViewController.swift in Sources */ = {isa = PBXBuildFile; fileRef = 7E05076A21448359002B2874 /* DescriptionViewController.swift */; };
		7E0507782144835F002B2874 /* OtherViewController.swift in Sources */ = {isa = PBXBuildFile; fileRef = 7E05076B2144835A002B2874 /* OtherViewController.swift */; };
		7E0507792144835F002B2874 /* CameraViewController.swift in Sources */ = {isa = PBXBuildFile; fileRef = 7E05076C2144835B002B2874 /* CameraViewController.swift */; };
		7E05077A2144835F002B2874 /* MapViewController.xib in Resources */ = {isa = PBXBuildFile; fileRef = 7E05076D2144835B002B2874 /* MapViewController.xib */; };
		7E05077B2144835F002B2874 /* MapViewController.swift in Sources */ = {isa = PBXBuildFile; fileRef = 7E05076E2144835C002B2874 /* MapViewController.swift */; };
		7E05077C2144835F002B2874 /* CommentsTableViewCell.swift in Sources */ = {isa = PBXBuildFile; fileRef = 7E05076F2144835D002B2874 /* CommentsTableViewCell.swift */; };
		7E05077D2144835F002B2874 /* CommentsTableViewCell.xib in Resources */ = {isa = PBXBuildFile; fileRef = 7E0507702144835D002B2874 /* CommentsTableViewCell.xib */; };
		7E05077E2144835F002B2874 /* DescriptionViewController.xib in Resources */ = {isa = PBXBuildFile; fileRef = 7E0507712144835E002B2874 /* DescriptionViewController.xib */; };
		7E05077F2144835F002B2874 /* Annotations.swift in Sources */ = {isa = PBXBuildFile; fileRef = 7E0507722144835F002B2874 /* Annotations.swift */; };
		7E0507802144835F002B2874 /* CameraViewController.xib in Resources */ = {isa = PBXBuildFile; fileRef = 7E0507732144835F002B2874 /* CameraViewController.xib */; };
		7E05078221448B63002B2874 /* GoogleService-Info.plist in Resources */ = {isa = PBXBuildFile; fileRef = 7E05078121448B63002B2874 /* GoogleService-Info.plist */; };
		7E0A326121B1882200B83EB5 /* DrawingViewController.swift in Sources */ = {isa = PBXBuildFile; fileRef = 7E0A326021B1882200B83EB5 /* DrawingViewController.swift */; };
		7E0A326321B1D2EF00B83EB5 /* DrawingView.swift in Sources */ = {isa = PBXBuildFile; fileRef = 7E0A326221B1D2EF00B83EB5 /* DrawingView.swift */; };
		7E15360621B4AD1600300F37 /* MultilineTextField.swift in Sources */ = {isa = PBXBuildFile; fileRef = 7E15360521B4AD1600300F37 /* MultilineTextField.swift */; };
		7E17FCD62160238100131960 /* InfoButton.swift in Sources */ = {isa = PBXBuildFile; fileRef = 7E17FCD52160238100131960 /* InfoButton.swift */; };
		7E2400C02177FD1C003685F4 /* Assets.xcassets in Resources */ = {isa = PBXBuildFile; fileRef = 7E2400BF2177FD1C003685F4 /* Assets.xcassets */; };
		7E2400C721780E7F003685F4 /* Extensions.swift in Sources */ = {isa = PBXBuildFile; fileRef = 7E2400C621780E7F003685F4 /* Extensions.swift */; };
		7E2400C92178124D003685F4 /* Functions.swift in Sources */ = {isa = PBXBuildFile; fileRef = 7E2400C82178124D003685F4 /* Functions.swift */; };
		7E288137217FEC0500E442B6 /* AuthHandlerViewController.swift in Sources */ = {isa = PBXBuildFile; fileRef = 7E288136217FEC0500E442B6 /* AuthHandlerViewController.swift */; };
		7E5134EB21AF3F1C002235E2 /* FontTableViewController.swift in Sources */ = {isa = PBXBuildFile; fileRef = 7E5134EA21AF3F1C002235E2 /* FontTableViewController.swift */; };
		7E56F10F2148A4FA0070664B /* Explanation in Resources */ = {isa = PBXBuildFile; fileRef = 7E56F10E2148A4FA0070664B /* Explanation */; };
		7E56F1122148B3F70070664B /* OtherCollectionViewCell.swift in Sources */ = {isa = PBXBuildFile; fileRef = 7E56F1102148B3F70070664B /* OtherCollectionViewCell.swift */; };
		7E56F1132148B3F70070664B /* OtherCollectionViewCell.xib in Resources */ = {isa = PBXBuildFile; fileRef = 7E56F1112148B3F70070664B /* OtherCollectionViewCell.xib */; };
		7E58E7D821616EA600758774 /* UsernameLinkButton.swift in Sources */ = {isa = PBXBuildFile; fileRef = 7E58E7D721616EA600758774 /* UsernameLinkButton.swift */; };
		7E6008C022A55A970091D29D /* TYDatePicker.swift in Sources */ = {isa = PBXBuildFile; fileRef = 7E60088322A55A960091D29D /* TYDatePicker.swift */; };
		7E6008C122A55A970091D29D /* Timer.swift in Sources */ = {isa = PBXBuildFile; fileRef = 7E60088422A55A960091D29D /* Timer.swift */; };
		7E6008C222A55A970091D29D /* TYNumberPickerLineCell.swift in Sources */ = {isa = PBXBuildFile; fileRef = 7E60088622A55A960091D29D /* TYNumberPickerLineCell.swift */; };
		7E6008C322A55A970091D29D /* TYColorPicker.swift in Sources */ = {isa = PBXBuildFile; fileRef = 7E60088722A55A960091D29D /* TYColorPicker.swift */; };
		7E6008C422A55A970091D29D /* TYNumberPicker.swift in Sources */ = {isa = PBXBuildFile; fileRef = 7E60088822A55A960091D29D /* TYNumberPicker.swift */; };
		7E6008C522A55A970091D29D /* RatingAlertController.swift in Sources */ = {isa = PBXBuildFile; fileRef = 7E60088922A55A960091D29D /* RatingAlertController.swift */; };
		7E6008C622A55A970091D29D /* UIAlerts.swift in Sources */ = {isa = PBXBuildFile; fileRef = 7E60088A22A55A960091D29D /* UIAlerts.swift */; };
		7E6008C722A55A970091D29D /* RatingAccessoryViewController.swift in Sources */ = {isa = PBXBuildFile; fileRef = 7E60088B22A55A960091D29D /* RatingAccessoryViewController.swift */; };
		7E6008C822A55A970091D29D /* DarkMode.swift in Sources */ = {isa = PBXBuildFile; fileRef = 7E60088C22A55A960091D29D /* DarkMode.swift */; };
		7E6008C922A55A970091D29D /* OtherAppsTableViewController.swift in Sources */ = {isa = PBXBuildFile; fileRef = 7E60088E22A55A960091D29D /* OtherAppsTableViewController.swift */; };
		7E6008CA22A55A970091D29D /* OtherAppsTableViewCell.swift in Sources */ = {isa = PBXBuildFile; fileRef = 7E60088F22A55A960091D29D /* OtherAppsTableViewCell.swift */; };
		7E6008CB22A55A970091D29D /* OtherAppsButton.swift in Sources */ = {isa = PBXBuildFile; fileRef = 7E60089022A55A960091D29D /* OtherAppsButton.swift */; };
		7E6008CC22A55A970091D29D /* App.swift in Sources */ = {isa = PBXBuildFile; fileRef = 7E60089122A55A960091D29D /* App.swift */; };
		7E6008CD22A55A970091D29D /* Operators.swift in Sources */ = {isa = PBXBuildFile; fileRef = 7E60089322A55A960091D29D /* Operators.swift */; };
		7E6008CE22A55A970091D29D /* ZStudiosLogo.png in Resources */ = {isa = PBXBuildFile; fileRef = 7E60089522A55A960091D29D /* ZStudiosLogo.png */; };
		7E6008CF22A55A970091D29D /* downloadOnTheAppStore.png in Resources */ = {isa = PBXBuildFile; fileRef = 7E60089622A55A960091D29D /* downloadOnTheAppStore.png */; };
		7E6008D022A55A970091D29D /* PixelStructs.swift in Sources */ = {isa = PBXBuildFile; fileRef = 7E60089722A55A960091D29D /* PixelStructs.swift */; };
		7E6008D122A55A970091D29D /* Triangle-Background.jpg in Resources */ = {isa = PBXBuildFile; fileRef = 7E60089822A55A960091D29D /* Triangle-Background.jpg */; };
		7E6008D222A55A970091D29D /* NTimer.swift in Sources */ = {isa = PBXBuildFile; fileRef = 7E60089A22A55A960091D29D /* NTimer.swift */; };
		7E6008D322A55A970091D29D /* Taptics.swift in Sources */ = {isa = PBXBuildFile; fileRef = 7E60089B22A55A960091D29D /* Taptics.swift */; };
		7E6008D422A55A970091D29D /* RandomEnums.swift in Sources */ = {isa = PBXBuildFile; fileRef = 7E60089C22A55A960091D29D /* RandomEnums.swift */; };
		7E6008D522A55A970091D29D /* DeviceType.swift in Sources */ = {isa = PBXBuildFile; fileRef = 7E60089E22A55A960091D29D /* DeviceType.swift */; };
		7E6008D622A55A970091D29D /* SetupVariables.swift in Sources */ = {isa = PBXBuildFile; fileRef = 7E60089F22A55A960091D29D /* SetupVariables.swift */; };
		7E6008D722A55A970091D29D /* WebViewController.swift in Sources */ = {isa = PBXBuildFile; fileRef = 7E6008A122A55A960091D29D /* WebViewController.swift */; };
		7E6008D822A55A970091D29D /* CALayer.swift in Sources */ = {isa = PBXBuildFile; fileRef = 7E6008A322A55A960091D29D /* CALayer.swift */; };
		7E6008D922A55A970091D29D /* Date.swift in Sources */ = {isa = PBXBuildFile; fileRef = 7E6008A422A55A960091D29D /* Date.swift */; };
		7E6008DA22A55A970091D29D /* UIView.swift in Sources */ = {isa = PBXBuildFile; fileRef = 7E6008A522A55A960091D29D /* UIView.swift */; };
		7E6008DB22A55A970091D29D /* UIGestureRecognizer.swift in Sources */ = {isa = PBXBuildFile; fileRef = 7E6008A622A55A960091D29D /* UIGestureRecognizer.swift */; };
		7E6008DC22A55A970091D29D /* Array.swift in Sources */ = {isa = PBXBuildFile; fileRef = 7E6008A722A55A960091D29D /* Array.swift */; };
		7E6008DD22A55A970091D29D /* SKPhysicsBody.swift in Sources */ = {isa = PBXBuildFile; fileRef = 7E6008A822A55A960091D29D /* SKPhysicsBody.swift */; };
		7E6008DE22A55A970091D29D /* UIColor.swift in Sources */ = {isa = PBXBuildFile; fileRef = 7E6008A922A55A960091D29D /* UIColor.swift */; };
		7E6008DF22A55A970091D29D /* Selector.swift in Sources */ = {isa = PBXBuildFile; fileRef = 7E6008AA22A55A960091D29D /* Selector.swift */; };
		7E6008E022A55A970091D29D /* NSObject.swift in Sources */ = {isa = PBXBuildFile; fileRef = 7E6008AB22A55A960091D29D /* NSObject.swift */; };
		7E6008E122A55A970091D29D /* CGSize.swift in Sources */ = {isa = PBXBuildFile; fileRef = 7E6008AC22A55A960091D29D /* CGSize.swift */; };
		7E6008E222A55A970091D29D /* CLLocationCoordinate2D.swift in Sources */ = {isa = PBXBuildFile; fileRef = 7E6008AD22A55A960091D29D /* CLLocationCoordinate2D.swift */; };
		7E6008E322A55A970091D29D /* SKPhysicsContact.swift in Sources */ = {isa = PBXBuildFile; fileRef = 7E6008AE22A55A960091D29D /* SKPhysicsContact.swift */; };
		7E6008E422A55A970091D29D /* Int.swift in Sources */ = {isa = PBXBuildFile; fileRef = 7E6008AF22A55A960091D29D /* Int.swift */; };
		7E6008E522A55A970091D29D /* CGVector.swift in Sources */ = {isa = PBXBuildFile; fileRef = 7E6008B022A55A960091D29D /* CGVector.swift */; };
		7E6008E622A55A970091D29D /* CGPoint.swift in Sources */ = {isa = PBXBuildFile; fileRef = 7E6008B122A55A960091D29D /* CGPoint.swift */; };
		7E6008E722A55A970091D29D /* UIImage.swift in Sources */ = {isa = PBXBuildFile; fileRef = 7E6008B222A55A960091D29D /* UIImage.swift */; };
		7E6008E822A55A970091D29D /* SCNVector3.swift in Sources */ = {isa = PBXBuildFile; fileRef = 7E6008B322A55A960091D29D /* SCNVector3.swift */; };
		7E6008E922A55A970091D29D /* UIViewController.swift in Sources */ = {isa = PBXBuildFile; fileRef = 7E6008B422A55A960091D29D /* UIViewController.swift */; };
		7E6008EA22A55A970091D29D /* UINavigationBar.swift in Sources */ = {isa = PBXBuildFile; fileRef = 7E6008B522A55A960091D29D /* UINavigationBar.swift */; };
		7E6008EB22A55A970091D29D /* CGFloat.swift in Sources */ = {isa = PBXBuildFile; fileRef = 7E6008B622A55A960091D29D /* CGFloat.swift */; };
		7E6008EC22A55A970091D29D /* Double.swift in Sources */ = {isa = PBXBuildFile; fileRef = 7E6008B722A55A960091D29D /* Double.swift */; };
		7E6008ED22A55A970091D29D /* Bool.swift in Sources */ = {isa = PBXBuildFile; fileRef = 7E6008B822A55A960091D29D /* Bool.swift */; };
		7E6008EE22A55A970091D29D /* CGRect.swift in Sources */ = {isa = PBXBuildFile; fileRef = 7E6008B922A55A960091D29D /* CGRect.swift */; };
		7E6008EF22A55A970091D29D /* CGColor.swift in Sources */ = {isa = PBXBuildFile; fileRef = 7E6008BA22A55A960091D29D /* CGColor.swift */; };
		7E6008F022A55A970091D29D /* TimeInterval.swift in Sources */ = {isa = PBXBuildFile; fileRef = 7E6008BB22A55A960091D29D /* TimeInterval.swift */; };
		7E6008F122A55A970091D29D /* README.md in Resources */ = {isa = PBXBuildFile; fileRef = 7E6008BC22A55A960091D29D /* README.md */; };
		7E6008F222A55A970091D29D /* _config.yml in Resources */ = {isa = PBXBuildFile; fileRef = 7E6008BD22A55A960091D29D /* _config.yml */; };
		7E6008F422A55ACC0091D29D /* String.swift in Sources */ = {isa = PBXBuildFile; fileRef = 7E6008F322A55ACC0091D29D /* String.swift */; };
		7E6BB69921AF58740033EB8F /* GeoQuery.swift in Sources */ = {isa = PBXBuildFile; fileRef = 7E6BB69821AF58740033EB8F /* GeoQuery.swift */; };
		7E6EA42821B87EEC00AA800D /* SearchViewController.swift in Sources */ = {isa = PBXBuildFile; fileRef = 7E6EA42721B87EEC00AA800D /* SearchViewController.swift */; };
		7E6EA42B21B8878D00AA800D /* SearchResultTableViewCell.swift in Sources */ = {isa = PBXBuildFile; fileRef = 7E6EA42921B8878D00AA800D /* SearchResultTableViewCell.swift */; };
		7E6EA42C21B8878D00AA800D /* SearchResultTableViewCell.xib in Resources */ = {isa = PBXBuildFile; fileRef = 7E6EA42A21B8878D00AA800D /* SearchResultTableViewCell.xib */; };
		7E74658E229F624500D4B10E /* ExplanationEnums.swift in Sources */ = {isa = PBXBuildFile; fileRef = 7E74658D229F624500D4B10E /* ExplanationEnums.swift */; };
		7E7A5990217FCC1100BA6BCA /* LogInViewController.swift in Sources */ = {isa = PBXBuildFile; fileRef = 7E7A598E217FCC1100BA6BCA /* LogInViewController.swift */; };
		7E7A5991217FCC1100BA6BCA /* LogInViewController.xib in Resources */ = {isa = PBXBuildFile; fileRef = 7E7A598F217FCC1100BA6BCA /* LogInViewController.xib */; };
		7E7B02E421B32C38002F2470 /* CustomCalloutView.swift in Sources */ = {isa = PBXBuildFile; fileRef = 7E7B02E321B32C38002F2470 /* CustomCalloutView.swift */; };
		7EA560E62144811800B33CF9 /* AppDelegate.swift in Sources */ = {isa = PBXBuildFile; fileRef = 7EA560E52144811800B33CF9 /* AppDelegate.swift */; };
		7EA560F02144811900B33CF9 /* LaunchScreen.storyboard in Resources */ = {isa = PBXBuildFile; fileRef = 7EA560EE2144811900B33CF9 /* LaunchScreen.storyboard */; };
		7EA560FB2144811900B33CF9 /* AR_WorldTests.swift in Sources */ = {isa = PBXBuildFile; fileRef = 7EA560FA2144811900B33CF9 /* AR_WorldTests.swift */; };
		7EA561062144811900B33CF9 /* AR_WorldUITests.swift in Sources */ = {isa = PBXBuildFile; fileRef = 7EA561052144811900B33CF9 /* AR_WorldUITests.swift */; };
		7EC7A2D6218119EA003931FF /* UsersTableViewController.swift in Sources */ = {isa = PBXBuildFile; fileRef = 7EC7A2D4218119EA003931FF /* UsersTableViewController.swift */; };
		7EC7A2DA21811A1B003931FF /* UsersTableViewCell.swift in Sources */ = {isa = PBXBuildFile; fileRef = 7EC7A2D821811A1B003931FF /* UsersTableViewCell.swift */; };
		7EC7A2DB21811A1B003931FF /* UsersTableViewCell.xib in Resources */ = {isa = PBXBuildFile; fileRef = 7EC7A2D921811A1B003931FF /* UsersTableViewCell.xib */; };
		7EC7A2DD21811F87003931FF /* Variables.swift in Sources */ = {isa = PBXBuildFile; fileRef = 7EC7A2DC21811F87003931FF /* Variables.swift */; };
		7EC9EBE2217BF1E300E981E9 /* PopupViewController.swift in Sources */ = {isa = PBXBuildFile; fileRef = 7EC9EBE0217BF1E300E981E9 /* PopupViewController.swift */; };
		EAE73F6F7E77F3F2F77EFE86 /* Pods_AR_WorldUITests.framework in Frameworks */ = {isa = PBXBuildFile; fileRef = 4894F498E8984C25B0356CF3 /* Pods_AR_WorldUITests.framework */; };
/* End PBXBuildFile section */

/* Begin PBXContainerItemProxy section */
		7EA560F72144811900B33CF9 /* PBXContainerItemProxy */ = {
			isa = PBXContainerItemProxy;
			containerPortal = 7EA560DA2144811800B33CF9 /* Project object */;
			proxyType = 1;
			remoteGlobalIDString = 7EA560E12144811800B33CF9;
			remoteInfo = "AR World";
		};
		7EA561022144811900B33CF9 /* PBXContainerItemProxy */ = {
			isa = PBXContainerItemProxy;
			containerPortal = 7EA560DA2144811800B33CF9 /* Project object */;
			proxyType = 1;
			remoteGlobalIDString = 7EA560E12144811800B33CF9;
			remoteInfo = "AR World";
		};
/* End PBXContainerItemProxy section */

/* Begin PBXFileReference section */
		01EB0FF0C3D220EF2B46CBC0 /* Pods-AR World.debug.xcconfig */ = {isa = PBXFileReference; includeInIndex = 1; lastKnownFileType = text.xcconfig; name = "Pods-AR World.debug.xcconfig"; path = "Pods/Target Support Files/Pods-AR World/Pods-AR World.debug.xcconfig"; sourceTree = "<group>"; };
		36A362A0C5DF78963AA42010 /* Pods_AR_World.framework */ = {isa = PBXFileReference; explicitFileType = wrapper.framework; includeInIndex = 0; path = Pods_AR_World.framework; sourceTree = BUILT_PRODUCTS_DIR; };
		4894F498E8984C25B0356CF3 /* Pods_AR_WorldUITests.framework */ = {isa = PBXFileReference; explicitFileType = wrapper.framework; includeInIndex = 0; path = Pods_AR_WorldUITests.framework; sourceTree = BUILT_PRODUCTS_DIR; };
		5346204CDCACFCC626A6BBCC /* Pods-AR WorldTests.release.xcconfig */ = {isa = PBXFileReference; includeInIndex = 1; lastKnownFileType = text.xcconfig; name = "Pods-AR WorldTests.release.xcconfig"; path = "Pods/Target Support Files/Pods-AR WorldTests/Pods-AR WorldTests.release.xcconfig"; sourceTree = "<group>"; };
		5D6DC45FD309E1D76BEB1624 /* Pods-AR World.release.xcconfig */ = {isa = PBXFileReference; includeInIndex = 1; lastKnownFileType = text.xcconfig; name = "Pods-AR World.release.xcconfig"; path = "Pods/Target Support Files/Pods-AR World/Pods-AR World.release.xcconfig"; sourceTree = "<group>"; };
		6119172DD314CBDDB1158CD5 /* Pods-AR WorldUITests.debug.xcconfig */ = {isa = PBXFileReference; includeInIndex = 1; lastKnownFileType = text.xcconfig; name = "Pods-AR WorldUITests.debug.xcconfig"; path = "Pods/Target Support Files/Pods-AR WorldUITests/Pods-AR WorldUITests.debug.xcconfig"; sourceTree = "<group>"; };
		67CF9617825018452B0CEB8F /* Pods_AR_WorldTests.framework */ = {isa = PBXFileReference; explicitFileType = wrapper.framework; includeInIndex = 0; path = Pods_AR_WorldTests.framework; sourceTree = BUILT_PRODUCTS_DIR; };
		7E05072F21448336002B2874 /* UIImage+Gif.swift */ = {isa = PBXFileReference; fileEncoding = 4; lastKnownFileType = sourcecode.swift; path = "UIImage+Gif.swift"; sourceTree = "<group>"; };
		7E05073021448336002B2874 /* iOSDevCenters+GIF.swift */ = {isa = PBXFileReference; fileEncoding = 4; lastKnownFileType = sourcecode.swift; path = "iOSDevCenters+GIF.swift"; sourceTree = "<group>"; };
		7E05076721448357002B2874 /* Main.storyboard */ = {isa = PBXFileReference; fileEncoding = 4; lastKnownFileType = file.storyboard; path = Main.storyboard; sourceTree = "<group>"; };
		7E05076821448358002B2874 /* ViewController.swift */ = {isa = PBXFileReference; fileEncoding = 4; lastKnownFileType = sourcecode.swift; path = ViewController.swift; sourceTree = "<group>"; };
		7E05076921448359002B2874 /* OtherViewController.xib */ = {isa = PBXFileReference; fileEncoding = 4; lastKnownFileType = file.xib; path = OtherViewController.xib; sourceTree = "<group>"; };
		7E05076A21448359002B2874 /* DescriptionViewController.swift */ = {isa = PBXFileReference; fileEncoding = 4; lastKnownFileType = sourcecode.swift; path = DescriptionViewController.swift; sourceTree = "<group>"; };
		7E05076B2144835A002B2874 /* OtherViewController.swift */ = {isa = PBXFileReference; fileEncoding = 4; lastKnownFileType = sourcecode.swift; path = OtherViewController.swift; sourceTree = "<group>"; };
		7E05076C2144835B002B2874 /* CameraViewController.swift */ = {isa = PBXFileReference; fileEncoding = 4; lastKnownFileType = sourcecode.swift; path = CameraViewController.swift; sourceTree = "<group>"; };
		7E05076D2144835B002B2874 /* MapViewController.xib */ = {isa = PBXFileReference; fileEncoding = 4; lastKnownFileType = file.xib; path = MapViewController.xib; sourceTree = "<group>"; };
		7E05076E2144835C002B2874 /* MapViewController.swift */ = {isa = PBXFileReference; fileEncoding = 4; lastKnownFileType = sourcecode.swift; path = MapViewController.swift; sourceTree = "<group>"; };
		7E05076F2144835D002B2874 /* CommentsTableViewCell.swift */ = {isa = PBXFileReference; fileEncoding = 4; lastKnownFileType = sourcecode.swift; path = CommentsTableViewCell.swift; sourceTree = "<group>"; };
		7E0507702144835D002B2874 /* CommentsTableViewCell.xib */ = {isa = PBXFileReference; fileEncoding = 4; lastKnownFileType = file.xib; path = CommentsTableViewCell.xib; sourceTree = "<group>"; };
		7E0507712144835E002B2874 /* DescriptionViewController.xib */ = {isa = PBXFileReference; fileEncoding = 4; lastKnownFileType = file.xib; path = DescriptionViewController.xib; sourceTree = "<group>"; };
		7E0507722144835F002B2874 /* Annotations.swift */ = {isa = PBXFileReference; fileEncoding = 4; lastKnownFileType = sourcecode.swift; path = Annotations.swift; sourceTree = "<group>"; };
		7E0507732144835F002B2874 /* CameraViewController.xib */ = {isa = PBXFileReference; fileEncoding = 4; lastKnownFileType = file.xib; path = CameraViewController.xib; sourceTree = "<group>"; };
		7E05078121448B63002B2874 /* GoogleService-Info.plist */ = {isa = PBXFileReference; fileEncoding = 4; lastKnownFileType = text.plist.xml; path = "GoogleService-Info.plist"; sourceTree = "<group>"; };
		7E0A326021B1882200B83EB5 /* DrawingViewController.swift */ = {isa = PBXFileReference; lastKnownFileType = sourcecode.swift; path = DrawingViewController.swift; sourceTree = "<group>"; };
		7E0A326221B1D2EF00B83EB5 /* DrawingView.swift */ = {isa = PBXFileReference; lastKnownFileType = sourcecode.swift; path = DrawingView.swift; sourceTree = "<group>"; };
		7E15360521B4AD1600300F37 /* MultilineTextField.swift */ = {isa = PBXFileReference; fileEncoding = 4; lastKnownFileType = sourcecode.swift; path = MultilineTextField.swift; sourceTree = "<group>"; };
		7E17FCD52160238100131960 /* InfoButton.swift */ = {isa = PBXFileReference; lastKnownFileType = sourcecode.swift; path = InfoButton.swift; sourceTree = "<group>"; };
		7E2400BF2177FD1C003685F4 /* Assets.xcassets */ = {isa = PBXFileReference; lastKnownFileType = folder.assetcatalog; path = Assets.xcassets; sourceTree = "<group>"; };
		7E2400C621780E7F003685F4 /* Extensions.swift */ = {isa = PBXFileReference; lastKnownFileType = sourcecode.swift; path = Extensions.swift; sourceTree = "<group>"; };
		7E2400C82178124D003685F4 /* Functions.swift */ = {isa = PBXFileReference; lastKnownFileType = sourcecode.swift; path = Functions.swift; sourceTree = "<group>"; };
		7E288136217FEC0500E442B6 /* AuthHandlerViewController.swift */ = {isa = PBXFileReference; lastKnownFileType = sourcecode.swift; path = AuthHandlerViewController.swift; sourceTree = "<group>"; };
		7E5134EA21AF3F1C002235E2 /* FontTableViewController.swift */ = {isa = PBXFileReference; lastKnownFileType = sourcecode.swift; path = FontTableViewController.swift; sourceTree = "<group>"; };
		7E56F10E2148A4FA0070664B /* Explanation */ = {isa = PBXFileReference; lastKnownFileType = text; path = Explanation; sourceTree = "<group>"; };
		7E56F1102148B3F70070664B /* OtherCollectionViewCell.swift */ = {isa = PBXFileReference; lastKnownFileType = sourcecode.swift; path = OtherCollectionViewCell.swift; sourceTree = "<group>"; };
		7E56F1112148B3F70070664B /* OtherCollectionViewCell.xib */ = {isa = PBXFileReference; lastKnownFileType = file.xib; path = OtherCollectionViewCell.xib; sourceTree = "<group>"; };
		7E58E7D6216158B100758774 /* AR World.entitlements */ = {isa = PBXFileReference; lastKnownFileType = text.plist.entitlements; path = "AR World.entitlements"; sourceTree = "<group>"; };
		7E58E7D721616EA600758774 /* UsernameLinkButton.swift */ = {isa = PBXFileReference; lastKnownFileType = sourcecode.swift; path = UsernameLinkButton.swift; sourceTree = "<group>"; };
		7E60088322A55A960091D29D /* TYDatePicker.swift */ = {isa = PBXFileReference; fileEncoding = 4; lastKnownFileType = sourcecode.swift; path = TYDatePicker.swift; sourceTree = "<group>"; };
		7E60088422A55A960091D29D /* Timer.swift */ = {isa = PBXFileReference; fileEncoding = 4; lastKnownFileType = sourcecode.swift; path = Timer.swift; sourceTree = "<group>"; };
		7E60088622A55A960091D29D /* TYNumberPickerLineCell.swift */ = {isa = PBXFileReference; fileEncoding = 4; lastKnownFileType = sourcecode.swift; path = TYNumberPickerLineCell.swift; sourceTree = "<group>"; };
		7E60088722A55A960091D29D /* TYColorPicker.swift */ = {isa = PBXFileReference; fileEncoding = 4; lastKnownFileType = sourcecode.swift; path = TYColorPicker.swift; sourceTree = "<group>"; };
		7E60088822A55A960091D29D /* TYNumberPicker.swift */ = {isa = PBXFileReference; fileEncoding = 4; lastKnownFileType = sourcecode.swift; path = TYNumberPicker.swift; sourceTree = "<group>"; };
		7E60088922A55A960091D29D /* RatingAlertController.swift */ = {isa = PBXFileReference; fileEncoding = 4; lastKnownFileType = sourcecode.swift; path = RatingAlertController.swift; sourceTree = "<group>"; };
		7E60088A22A55A960091D29D /* UIAlerts.swift */ = {isa = PBXFileReference; fileEncoding = 4; lastKnownFileType = sourcecode.swift; path = UIAlerts.swift; sourceTree = "<group>"; };
		7E60088B22A55A960091D29D /* RatingAccessoryViewController.swift */ = {isa = PBXFileReference; fileEncoding = 4; lastKnownFileType = sourcecode.swift; path = RatingAccessoryViewController.swift; sourceTree = "<group>"; };
		7E60088C22A55A960091D29D /* DarkMode.swift */ = {isa = PBXFileReference; fileEncoding = 4; lastKnownFileType = sourcecode.swift; path = DarkMode.swift; sourceTree = "<group>"; };
		7E60088E22A55A960091D29D /* OtherAppsTableViewController.swift */ = {isa = PBXFileReference; fileEncoding = 4; lastKnownFileType = sourcecode.swift; path = OtherAppsTableViewController.swift; sourceTree = "<group>"; };
		7E60088F22A55A960091D29D /* OtherAppsTableViewCell.swift */ = {isa = PBXFileReference; fileEncoding = 4; lastKnownFileType = sourcecode.swift; path = OtherAppsTableViewCell.swift; sourceTree = "<group>"; };
		7E60089022A55A960091D29D /* OtherAppsButton.swift */ = {isa = PBXFileReference; fileEncoding = 4; lastKnownFileType = sourcecode.swift; path = OtherAppsButton.swift; sourceTree = "<group>"; };
		7E60089122A55A960091D29D /* App.swift */ = {isa = PBXFileReference; fileEncoding = 4; lastKnownFileType = sourcecode.swift; path = App.swift; sourceTree = "<group>"; };
		7E60089322A55A960091D29D /* Operators.swift */ = {isa = PBXFileReference; fileEncoding = 4; lastKnownFileType = sourcecode.swift; path = Operators.swift; sourceTree = "<group>"; };
		7E60089522A55A960091D29D /* ZStudiosLogo.png */ = {isa = PBXFileReference; lastKnownFileType = image.png; path = ZStudiosLogo.png; sourceTree = "<group>"; };
		7E60089622A55A960091D29D /* downloadOnTheAppStore.png */ = {isa = PBXFileReference; lastKnownFileType = image.png; path = downloadOnTheAppStore.png; sourceTree = "<group>"; };
		7E60089722A55A960091D29D /* PixelStructs.swift */ = {isa = PBXFileReference; fileEncoding = 4; lastKnownFileType = sourcecode.swift; path = PixelStructs.swift; sourceTree = "<group>"; };
		7E60089822A55A960091D29D /* Triangle-Background.jpg */ = {isa = PBXFileReference; lastKnownFileType = image.jpeg; path = "Triangle-Background.jpg"; sourceTree = "<group>"; };
		7E60089A22A55A960091D29D /* NTimer.swift */ = {isa = PBXFileReference; fileEncoding = 4; lastKnownFileType = sourcecode.swift; path = NTimer.swift; sourceTree = "<group>"; };
		7E60089B22A55A960091D29D /* Taptics.swift */ = {isa = PBXFileReference; fileEncoding = 4; lastKnownFileType = sourcecode.swift; path = Taptics.swift; sourceTree = "<group>"; };
		7E60089C22A55A960091D29D /* RandomEnums.swift */ = {isa = PBXFileReference; fileEncoding = 4; lastKnownFileType = sourcecode.swift; path = RandomEnums.swift; sourceTree = "<group>"; };
		7E60089E22A55A960091D29D /* DeviceType.swift */ = {isa = PBXFileReference; fileEncoding = 4; lastKnownFileType = sourcecode.swift; path = DeviceType.swift; sourceTree = "<group>"; };
		7E60089F22A55A960091D29D /* SetupVariables.swift */ = {isa = PBXFileReference; fileEncoding = 4; lastKnownFileType = sourcecode.swift; path = SetupVariables.swift; sourceTree = "<group>"; };
		7E6008A122A55A960091D29D /* WebViewController.swift */ = {isa = PBXFileReference; fileEncoding = 4; lastKnownFileType = sourcecode.swift; path = WebViewController.swift; sourceTree = "<group>"; };
		7E6008A322A55A960091D29D /* CALayer.swift */ = {isa = PBXFileReference; fileEncoding = 4; lastKnownFileType = sourcecode.swift; path = CALayer.swift; sourceTree = "<group>"; };
		7E6008A422A55A960091D29D /* Date.swift */ = {isa = PBXFileReference; fileEncoding = 4; lastKnownFileType = sourcecode.swift; path = Date.swift; sourceTree = "<group>"; };
		7E6008A522A55A960091D29D /* UIView.swift */ = {isa = PBXFileReference; fileEncoding = 4; lastKnownFileType = sourcecode.swift; path = UIView.swift; sourceTree = "<group>"; };
		7E6008A622A55A960091D29D /* UIGestureRecognizer.swift */ = {isa = PBXFileReference; fileEncoding = 4; lastKnownFileType = sourcecode.swift; path = UIGestureRecognizer.swift; sourceTree = "<group>"; };
		7E6008A722A55A960091D29D /* Array.swift */ = {isa = PBXFileReference; fileEncoding = 4; lastKnownFileType = sourcecode.swift; path = Array.swift; sourceTree = "<group>"; };
		7E6008A822A55A960091D29D /* SKPhysicsBody.swift */ = {isa = PBXFileReference; fileEncoding = 4; lastKnownFileType = sourcecode.swift; path = SKPhysicsBody.swift; sourceTree = "<group>"; };
		7E6008A922A55A960091D29D /* UIColor.swift */ = {isa = PBXFileReference; fileEncoding = 4; lastKnownFileType = sourcecode.swift; path = UIColor.swift; sourceTree = "<group>"; };
		7E6008AA22A55A960091D29D /* Selector.swift */ = {isa = PBXFileReference; fileEncoding = 4; lastKnownFileType = sourcecode.swift; path = Selector.swift; sourceTree = "<group>"; };
		7E6008AB22A55A960091D29D /* NSObject.swift */ = {isa = PBXFileReference; fileEncoding = 4; lastKnownFileType = sourcecode.swift; path = NSObject.swift; sourceTree = "<group>"; };
		7E6008AC22A55A960091D29D /* CGSize.swift */ = {isa = PBXFileReference; fileEncoding = 4; lastKnownFileType = sourcecode.swift; path = CGSize.swift; sourceTree = "<group>"; };
		7E6008AD22A55A960091D29D /* CLLocationCoordinate2D.swift */ = {isa = PBXFileReference; fileEncoding = 4; lastKnownFileType = sourcecode.swift; path = CLLocationCoordinate2D.swift; sourceTree = "<group>"; };
		7E6008AE22A55A960091D29D /* SKPhysicsContact.swift */ = {isa = PBXFileReference; fileEncoding = 4; lastKnownFileType = sourcecode.swift; path = SKPhysicsContact.swift; sourceTree = "<group>"; };
		7E6008AF22A55A960091D29D /* Int.swift */ = {isa = PBXFileReference; fileEncoding = 4; lastKnownFileType = sourcecode.swift; path = Int.swift; sourceTree = "<group>"; };
		7E6008B022A55A960091D29D /* CGVector.swift */ = {isa = PBXFileReference; fileEncoding = 4; lastKnownFileType = sourcecode.swift; path = CGVector.swift; sourceTree = "<group>"; };
		7E6008B122A55A960091D29D /* CGPoint.swift */ = {isa = PBXFileReference; fileEncoding = 4; lastKnownFileType = sourcecode.swift; path = CGPoint.swift; sourceTree = "<group>"; };
		7E6008B222A55A960091D29D /* UIImage.swift */ = {isa = PBXFileReference; fileEncoding = 4; lastKnownFileType = sourcecode.swift; path = UIImage.swift; sourceTree = "<group>"; };
		7E6008B322A55A960091D29D /* SCNVector3.swift */ = {isa = PBXFileReference; fileEncoding = 4; lastKnownFileType = sourcecode.swift; path = SCNVector3.swift; sourceTree = "<group>"; };
		7E6008B422A55A960091D29D /* UIViewController.swift */ = {isa = PBXFileReference; fileEncoding = 4; lastKnownFileType = sourcecode.swift; path = UIViewController.swift; sourceTree = "<group>"; };
		7E6008B522A55A960091D29D /* UINavigationBar.swift */ = {isa = PBXFileReference; fileEncoding = 4; lastKnownFileType = sourcecode.swift; path = UINavigationBar.swift; sourceTree = "<group>"; };
		7E6008B622A55A960091D29D /* CGFloat.swift */ = {isa = PBXFileReference; fileEncoding = 4; lastKnownFileType = sourcecode.swift; path = CGFloat.swift; sourceTree = "<group>"; };
		7E6008B722A55A960091D29D /* Double.swift */ = {isa = PBXFileReference; fileEncoding = 4; lastKnownFileType = sourcecode.swift; path = Double.swift; sourceTree = "<group>"; };
		7E6008B822A55A960091D29D /* Bool.swift */ = {isa = PBXFileReference; fileEncoding = 4; lastKnownFileType = sourcecode.swift; path = Bool.swift; sourceTree = "<group>"; };
		7E6008B922A55A960091D29D /* CGRect.swift */ = {isa = PBXFileReference; fileEncoding = 4; lastKnownFileType = sourcecode.swift; path = CGRect.swift; sourceTree = "<group>"; };
		7E6008BA22A55A960091D29D /* CGColor.swift */ = {isa = PBXFileReference; fileEncoding = 4; lastKnownFileType = sourcecode.swift; path = CGColor.swift; sourceTree = "<group>"; };
		7E6008BB22A55A960091D29D /* TimeInterval.swift */ = {isa = PBXFileReference; fileEncoding = 4; lastKnownFileType = sourcecode.swift; path = TimeInterval.swift; sourceTree = "<group>"; };
		7E6008BC22A55A960091D29D /* README.md */ = {isa = PBXFileReference; fileEncoding = 4; lastKnownFileType = net.daringfireball.markdown; path = README.md; sourceTree = "<group>"; };
		7E6008BD22A55A960091D29D /* _config.yml */ = {isa = PBXFileReference; fileEncoding = 4; lastKnownFileType = text; path = _config.yml; sourceTree = "<group>"; };
		7E6008F322A55ACC0091D29D /* String.swift */ = {isa = PBXFileReference; lastKnownFileType = sourcecode.swift; path = String.swift; sourceTree = "<group>"; };
		7E6BB69821AF58740033EB8F /* GeoQuery.swift */ = {isa = PBXFileReference; lastKnownFileType = sourcecode.swift; path = GeoQuery.swift; sourceTree = "<group>"; };
		7E6EA42721B87EEC00AA800D /* SearchViewController.swift */ = {isa = PBXFileReference; lastKnownFileType = sourcecode.swift; path = SearchViewController.swift; sourceTree = "<group>"; };
		7E6EA42921B8878D00AA800D /* SearchResultTableViewCell.swift */ = {isa = PBXFileReference; lastKnownFileType = sourcecode.swift; path = SearchResultTableViewCell.swift; sourceTree = "<group>"; };
		7E6EA42A21B8878D00AA800D /* SearchResultTableViewCell.xib */ = {isa = PBXFileReference; lastKnownFileType = file.xib; path = SearchResultTableViewCell.xib; sourceTree = "<group>"; };
		7E74658D229F624500D4B10E /* ExplanationEnums.swift */ = {isa = PBXFileReference; lastKnownFileType = sourcecode.swift; path = ExplanationEnums.swift; sourceTree = "<group>"; };
		7E7A598E217FCC1100BA6BCA /* LogInViewController.swift */ = {isa = PBXFileReference; lastKnownFileType = sourcecode.swift; path = LogInViewController.swift; sourceTree = "<group>"; };
		7E7A598F217FCC1100BA6BCA /* LogInViewController.xib */ = {isa = PBXFileReference; lastKnownFileType = file.xib; path = LogInViewController.xib; sourceTree = "<group>"; };
		7E7B02E321B32C38002F2470 /* CustomCalloutView.swift */ = {isa = PBXFileReference; lastKnownFileType = sourcecode.swift; path = CustomCalloutView.swift; sourceTree = "<group>"; };
		7EA560E22144811800B33CF9 /* AR World.app */ = {isa = PBXFileReference; explicitFileType = wrapper.application; includeInIndex = 0; path = "AR World.app"; sourceTree = BUILT_PRODUCTS_DIR; };
		7EA560E52144811800B33CF9 /* AppDelegate.swift */ = {isa = PBXFileReference; lastKnownFileType = sourcecode.swift; path = AppDelegate.swift; sourceTree = "<group>"; };
		7EA560EF2144811900B33CF9 /* Base */ = {isa = PBXFileReference; lastKnownFileType = file.storyboard; name = Base; path = Base.lproj/LaunchScreen.storyboard; sourceTree = "<group>"; };
		7EA560F12144811900B33CF9 /* Info.plist */ = {isa = PBXFileReference; lastKnownFileType = text.plist.xml; path = Info.plist; sourceTree = "<group>"; };
		7EA560F62144811900B33CF9 /* AR WorldTests.xctest */ = {isa = PBXFileReference; explicitFileType = wrapper.cfbundle; includeInIndex = 0; path = "AR WorldTests.xctest"; sourceTree = BUILT_PRODUCTS_DIR; };
		7EA560FA2144811900B33CF9 /* AR_WorldTests.swift */ = {isa = PBXFileReference; lastKnownFileType = sourcecode.swift; path = AR_WorldTests.swift; sourceTree = "<group>"; };
		7EA560FC2144811900B33CF9 /* Info.plist */ = {isa = PBXFileReference; lastKnownFileType = text.plist.xml; path = Info.plist; sourceTree = "<group>"; };
		7EA561012144811900B33CF9 /* AR WorldUITests.xctest */ = {isa = PBXFileReference; explicitFileType = wrapper.cfbundle; includeInIndex = 0; path = "AR WorldUITests.xctest"; sourceTree = BUILT_PRODUCTS_DIR; };
		7EA561052144811900B33CF9 /* AR_WorldUITests.swift */ = {isa = PBXFileReference; lastKnownFileType = sourcecode.swift; path = AR_WorldUITests.swift; sourceTree = "<group>"; };
		7EA561072144811900B33CF9 /* Info.plist */ = {isa = PBXFileReference; lastKnownFileType = text.plist.xml; path = Info.plist; sourceTree = "<group>"; };
		7EC7A2D4218119EA003931FF /* UsersTableViewController.swift */ = {isa = PBXFileReference; lastKnownFileType = sourcecode.swift; path = UsersTableViewController.swift; sourceTree = "<group>"; };
		7EC7A2D821811A1B003931FF /* UsersTableViewCell.swift */ = {isa = PBXFileReference; lastKnownFileType = sourcecode.swift; path = UsersTableViewCell.swift; sourceTree = "<group>"; };
		7EC7A2D921811A1B003931FF /* UsersTableViewCell.xib */ = {isa = PBXFileReference; lastKnownFileType = file.xib; path = UsersTableViewCell.xib; sourceTree = "<group>"; };
		7EC7A2DC21811F87003931FF /* Variables.swift */ = {isa = PBXFileReference; lastKnownFileType = sourcecode.swift; path = Variables.swift; sourceTree = "<group>"; };
		7EC9EBE0217BF1E300E981E9 /* PopupViewController.swift */ = {isa = PBXFileReference; lastKnownFileType = sourcecode.swift; path = PopupViewController.swift; sourceTree = "<group>"; };
		95C8B10CA083E9D615050214 /* Pods-AR WorldUITests.release.xcconfig */ = {isa = PBXFileReference; includeInIndex = 1; lastKnownFileType = text.xcconfig; name = "Pods-AR WorldUITests.release.xcconfig"; path = "Pods/Target Support Files/Pods-AR WorldUITests/Pods-AR WorldUITests.release.xcconfig"; sourceTree = "<group>"; };
		A4B2BAED67E4AE72B24C7F37 /* Pods-AR WorldTests.debug.xcconfig */ = {isa = PBXFileReference; includeInIndex = 1; lastKnownFileType = text.xcconfig; name = "Pods-AR WorldTests.debug.xcconfig"; path = "Pods/Target Support Files/Pods-AR WorldTests/Pods-AR WorldTests.debug.xcconfig"; sourceTree = "<group>"; };
/* End PBXFileReference section */

/* Begin PBXFrameworksBuildPhase section */
		7EA560DF2144811800B33CF9 /* Frameworks */ = {
			isa = PBXFrameworksBuildPhase;
			buildActionMask = 2147483647;
			files = (
				67E32A67E755A2DC00EE2C22 /* Pods_AR_World.framework in Frameworks */,
			);
			runOnlyForDeploymentPostprocessing = 0;
		};
		7EA560F32144811900B33CF9 /* Frameworks */ = {
			isa = PBXFrameworksBuildPhase;
			buildActionMask = 2147483647;
			files = (
				06B922615C65EE1485C37E08 /* Pods_AR_WorldTests.framework in Frameworks */,
			);
			runOnlyForDeploymentPostprocessing = 0;
		};
		7EA560FE2144811900B33CF9 /* Frameworks */ = {
			isa = PBXFrameworksBuildPhase;
			buildActionMask = 2147483647;
			files = (
				EAE73F6F7E77F3F2F77EFE86 /* Pods_AR_WorldUITests.framework in Frameworks */,
			);
			runOnlyForDeploymentPostprocessing = 0;
		};
/* End PBXFrameworksBuildPhase section */

/* Begin PBXGroup section */
		7E05072E21448336002B2874 /* UIImage Gifs */ = {
			isa = PBXGroup;
			children = (
				7E05072F21448336002B2874 /* UIImage+Gif.swift */,
				7E05073021448336002B2874 /* iOSDevCenters+GIF.swift */,
			);
			path = "UIImage Gifs";
			sourceTree = "<group>";
		};
		7E0A325F21B187F200B83EB5 /* Drawing */ = {
			isa = PBXGroup;
			children = (
				7E0A326021B1882200B83EB5 /* DrawingViewController.swift */,
				7E0A326221B1D2EF00B83EB5 /* DrawingView.swift */,
			);
			path = Drawing;
			sourceTree = "<group>";
		};
		7E2400C121780DA9003685F4 /* User Profile */ = {
			isa = PBXGroup;
			children = (
				7E05076B2144835A002B2874 /* OtherViewController.swift */,
				7E17FCD52160238100131960 /* InfoButton.swift */,
				7E05076921448359002B2874 /* OtherViewController.xib */,
				7E56F1102148B3F70070664B /* OtherCollectionViewCell.swift */,
				7E56F1112148B3F70070664B /* OtherCollectionViewCell.xib */,
				7EC7A2D3218119AD003931FF /* Users Table */,
			);
			path = "User Profile";
			sourceTree = "<group>";
		};
		7E2400C221780DD6003685F4 /* Useless */ = {
			isa = PBXGroup;
			children = (
				7E2400BF2177FD1C003685F4 /* Assets.xcassets */,
				7EA560E52144811800B33CF9 /* AppDelegate.swift */,
				7E05076821448358002B2874 /* ViewController.swift */,
				7E05076721448357002B2874 /* Main.storyboard */,
				7EA560EE2144811900B33CF9 /* LaunchScreen.storyboard */,
				7E05078121448B63002B2874 /* GoogleService-Info.plist */,
			);
			path = Useless;
			sourceTree = "<group>";
		};
		7E2400C321780E1C003685F4 /* Map */ = {
			isa = PBXGroup;
			children = (
				7E0507722144835F002B2874 /* Annotations.swift */,
				7E05076E2144835C002B2874 /* MapViewController.swift */,
				7E7B02E321B32C38002F2470 /* CustomCalloutView.swift */,
				7E05076D2144835B002B2874 /* MapViewController.xib */,
			);
			path = Map;
			sourceTree = "<group>";
		};
		7E2400C421780E31003685F4 /* Camera */ = {
			isa = PBXGroup;
			children = (
				7E05076C2144835B002B2874 /* CameraViewController.swift */,
				7E0507732144835F002B2874 /* CameraViewController.xib */,
				7E05076F2144835D002B2874 /* CommentsTableViewCell.swift */,
				7E0507702144835D002B2874 /* CommentsTableViewCell.xib */,
				7E05076A21448359002B2874 /* DescriptionViewController.swift */,
				7E0507712144835E002B2874 /* DescriptionViewController.xib */,
			);
			path = Camera;
			sourceTree = "<group>";
		};
		7E2400C521780E68003685F4 /* Other Classes */ = {
			isa = PBXGroup;
			children = (
				7E15360521B4AD1600300F37 /* MultilineTextField.swift */,
				7E58E7D721616EA600758774 /* UsernameLinkButton.swift */,
				7E0A325F21B187F200B83EB5 /* Drawing */,
				7E6BB69821AF58740033EB8F /* GeoQuery.swift */,
				7E2400C621780E7F003685F4 /* Extensions.swift */,
				7E2400C82178124D003685F4 /* Functions.swift */,
				7E288136217FEC0500E442B6 /* AuthHandlerViewController.swift */,
				7EC7A2DC21811F87003931FF /* Variables.swift */,
				7E5134EA21AF3F1C002235E2 /* FontTableViewController.swift */,
			);
			path = "Other Classes";
			sourceTree = "<group>";
		};
		7E60088022A55A960091D29D /* SSL */ = {
			isa = PBXGroup;
			children = (
				7E60088122A55A960091D29D /* UI */,
				7E60088D22A55A960091D29D /* OtherApps */,
				7E60089222A55A960091D29D /* Operators */,
				7E60089422A55A960091D29D /* Images */,
				7E60089922A55A960091D29D /* Other */,
				7E60089D22A55A960091D29D /* Setup */,
				7E6008A022A55A960091D29D /* View Controllers */,
				7E6008A222A55A960091D29D /* Extensions */,
				7E6008BC22A55A960091D29D /* README.md */,
				7E6008BD22A55A960091D29D /* _config.yml */,
				7E6008BE22A55A960091D29D /* Random */,
				7E6008BF22A55A960091D29D /* Fonts */,
			);
			name = SSL;
			path = ../../../../Desktop/SSL;
			sourceTree = "<group>";
		};
		7E60088122A55A960091D29D /* UI */ = {
			isa = PBXGroup;
			children = (
				7E60088222A55A960091D29D /* TYNumberPicker */,
				7E60088322A55A960091D29D /* TYDatePicker.swift */,
				7E60088422A55A960091D29D /* Timer.swift */,
				7E60088522A55A960091D29D /* TYNumPicker */,
				7E60088922A55A960091D29D /* RatingAlertController.swift */,
				7E60088A22A55A960091D29D /* UIAlerts.swift */,
				7E60088B22A55A960091D29D /* RatingAccessoryViewController.swift */,
				7E60088C22A55A960091D29D /* DarkMode.swift */,
			);
			path = UI;
			sourceTree = "<group>";
		};
		7E60088222A55A960091D29D /* TYNumberPicker */ = {
			isa = PBXGroup;
			children = (
			);
			path = TYNumberPicker;
			sourceTree = "<group>";
		};
		7E60088522A55A960091D29D /* TYNumPicker */ = {
			isa = PBXGroup;
			children = (
				7E60088622A55A960091D29D /* TYNumberPickerLineCell.swift */,
				7E60088722A55A960091D29D /* TYColorPicker.swift */,
				7E60088822A55A960091D29D /* TYNumberPicker.swift */,
			);
			path = TYNumPicker;
			sourceTree = "<group>";
		};
		7E60088D22A55A960091D29D /* OtherApps */ = {
			isa = PBXGroup;
			children = (
				7E60088E22A55A960091D29D /* OtherAppsTableViewController.swift */,
				7E60088F22A55A960091D29D /* OtherAppsTableViewCell.swift */,
				7E60089022A55A960091D29D /* OtherAppsButton.swift */,
				7E60089122A55A960091D29D /* App.swift */,
			);
			path = OtherApps;
			sourceTree = "<group>";
		};
		7E60089222A55A960091D29D /* Operators */ = {
			isa = PBXGroup;
			children = (
				7E60089322A55A960091D29D /* Operators.swift */,
			);
			path = Operators;
			sourceTree = "<group>";
		};
		7E60089422A55A960091D29D /* Images */ = {
			isa = PBXGroup;
			children = (
				7E60089522A55A960091D29D /* ZStudiosLogo.png */,
				7E60089622A55A960091D29D /* downloadOnTheAppStore.png */,
				7E60089722A55A960091D29D /* PixelStructs.swift */,
				7E60089822A55A960091D29D /* Triangle-Background.jpg */,
			);
			path = Images;
			sourceTree = "<group>";
		};
		7E60089922A55A960091D29D /* Other */ = {
			isa = PBXGroup;
			children = (
				7E60089A22A55A960091D29D /* NTimer.swift */,
				7E60089B22A55A960091D29D /* Taptics.swift */,
				7E60089C22A55A960091D29D /* RandomEnums.swift */,
			);
			path = Other;
			sourceTree = "<group>";
		};
		7E60089D22A55A960091D29D /* Setup */ = {
			isa = PBXGroup;
			children = (
				7E60089E22A55A960091D29D /* DeviceType.swift */,
				7E60089F22A55A960091D29D /* SetupVariables.swift */,
			);
			path = Setup;
			sourceTree = "<group>";
		};
		7E6008A022A55A960091D29D /* View Controllers */ = {
			isa = PBXGroup;
			children = (
				7E6008A122A55A960091D29D /* WebViewController.swift */,
			);
			path = "View Controllers";
			sourceTree = "<group>";
		};
		7E6008A222A55A960091D29D /* Extensions */ = {
			isa = PBXGroup;
			children = (
				7E6008A322A55A960091D29D /* CALayer.swift */,
				7E6008A422A55A960091D29D /* Date.swift */,
				7E6008A522A55A960091D29D /* UIView.swift */,
				7E6008A622A55A960091D29D /* UIGestureRecognizer.swift */,
				7E6008A722A55A960091D29D /* Array.swift */,
				7E6008A822A55A960091D29D /* SKPhysicsBody.swift */,
				7E6008A922A55A960091D29D /* UIColor.swift */,
				7E6008AA22A55A960091D29D /* Selector.swift */,
				7E6008AB22A55A960091D29D /* NSObject.swift */,
				7E6008AC22A55A960091D29D /* CGSize.swift */,
				7E6008AD22A55A960091D29D /* CLLocationCoordinate2D.swift */,
				7E6008AE22A55A960091D29D /* SKPhysicsContact.swift */,
				7E6008AF22A55A960091D29D /* Int.swift */,
				7E6008B022A55A960091D29D /* CGVector.swift */,
				7E6008B122A55A960091D29D /* CGPoint.swift */,
				7E6008B222A55A960091D29D /* UIImage.swift */,
				7E6008B322A55A960091D29D /* SCNVector3.swift */,
				7E6008B422A55A960091D29D /* UIViewController.swift */,
				7E6008B522A55A960091D29D /* UINavigationBar.swift */,
				7E6008B622A55A960091D29D /* CGFloat.swift */,
				7E6008B722A55A960091D29D /* Double.swift */,
				7E6008B822A55A960091D29D /* Bool.swift */,
				7E6008B922A55A960091D29D /* CGRect.swift */,
				7E6008BA22A55A960091D29D /* CGColor.swift */,
				7E6008BB22A55A960091D29D /* TimeInterval.swift */,
				7E6008F322A55ACC0091D29D /* String.swift */,
			);
			path = Extensions;
			sourceTree = "<group>";
		};
		7E6008BE22A55A960091D29D /* Random */ = {
			isa = PBXGroup;
			children = (
			);
			path = Random;
			sourceTree = "<group>";
		};
		7E6008BF22A55A960091D29D /* Fonts */ = {
			isa = PBXGroup;
			children = (
			);
			path = Fonts;
			sourceTree = "<group>";
		};
		7E6EA42621B87ED800AA800D /* Search */ = {
			isa = PBXGroup;
			children = (
				7E6EA42721B87EEC00AA800D /* SearchViewController.swift */,
				7E6EA42921B8878D00AA800D /* SearchResultTableViewCell.swift */,
				7E6EA42A21B8878D00AA800D /* SearchResultTableViewCell.xib */,
			);
			path = Search;
			sourceTree = "<group>";
		};
		7E7A598D217FCBFA00BA6BCA /* Log In */ = {
			isa = PBXGroup;
			children = (
				7E7A598E217FCC1100BA6BCA /* LogInViewController.swift */,
				7E7A598F217FCC1100BA6BCA /* LogInViewController.xib */,
			);
			path = "Log In";
			sourceTree = "<group>";
		};
		7EA560D92144811800B33CF9 = {
			isa = PBXGroup;
			children = (
				7EA560E42144811800B33CF9 /* AR World */,
				7EA560F92144811900B33CF9 /* AR WorldTests */,
				7EA561042144811900B33CF9 /* AR WorldUITests */,
				7EA560E32144811800B33CF9 /* Products */,
				7F0C32DCB657C89E0B4908EA /* Pods */,
				A9A27C7133ACA3AB1AACEA38 /* Frameworks */,
			);
			sourceTree = "<group>";
		};
		7EA560E32144811800B33CF9 /* Products */ = {
			isa = PBXGroup;
			children = (
				7EA560E22144811800B33CF9 /* AR World.app */,
				7EA560F62144811900B33CF9 /* AR WorldTests.xctest */,
				7EA561012144811900B33CF9 /* AR WorldUITests.xctest */,
			);
			name = Products;
			sourceTree = "<group>";
		};
		7EA560E42144811800B33CF9 /* AR World */ = {
			isa = PBXGroup;
			children = (
				7E56F10E2148A4FA0070664B /* Explanation */,
				7E74658D229F624500D4B10E /* ExplanationEnums.swift */,
				7E6EA42621B87ED800AA800D /* Search */,
				7EC9EBE4217BF1ED00E981E9 /* Pop Up */,
				7E2400C521780E68003685F4 /* Other Classes */,
				7E2400C421780E31003685F4 /* Camera */,
				7E2400C321780E1C003685F4 /* Map */,
				7E60088022A55A960091D29D /* SSL */,
				7E2400C221780DD6003685F4 /* Useless */,
				7E7A598D217FCBFA00BA6BCA /* Log In */,
				7E2400C121780DA9003685F4 /* User Profile */,
				7E05072E21448336002B2874 /* UIImage Gifs */,
				7E58E7D6216158B100758774 /* AR World.entitlements */,
				7EA560F12144811900B33CF9 /* Info.plist */,
			);
			path = "AR World";
			sourceTree = "<group>";
		};
		7EA560F92144811900B33CF9 /* AR WorldTests */ = {
			isa = PBXGroup;
			children = (
				7EA560FA2144811900B33CF9 /* AR_WorldTests.swift */,
				7EA560FC2144811900B33CF9 /* Info.plist */,
			);
			path = "AR WorldTests";
			sourceTree = "<group>";
		};
		7EA561042144811900B33CF9 /* AR WorldUITests */ = {
			isa = PBXGroup;
			children = (
				7EA561052144811900B33CF9 /* AR_WorldUITests.swift */,
				7EA561072144811900B33CF9 /* Info.plist */,
			);
			path = "AR WorldUITests";
			sourceTree = "<group>";
		};
		7EC7A2D3218119AD003931FF /* Users Table */ = {
			isa = PBXGroup;
			children = (
				7EC7A2D4218119EA003931FF /* UsersTableViewController.swift */,
				7EC7A2D821811A1B003931FF /* UsersTableViewCell.swift */,
				7EC7A2D921811A1B003931FF /* UsersTableViewCell.xib */,
			);
			path = "Users Table";
			sourceTree = "<group>";
		};
		7EC9EBE4217BF1ED00E981E9 /* Pop Up */ = {
			isa = PBXGroup;
			children = (
				7EC9EBE0217BF1E300E981E9 /* PopupViewController.swift */,
			);
			path = "Pop Up";
			sourceTree = "<group>";
		};
		7F0C32DCB657C89E0B4908EA /* Pods */ = {
			isa = PBXGroup;
			children = (
				01EB0FF0C3D220EF2B46CBC0 /* Pods-AR World.debug.xcconfig */,
				5D6DC45FD309E1D76BEB1624 /* Pods-AR World.release.xcconfig */,
				A4B2BAED67E4AE72B24C7F37 /* Pods-AR WorldTests.debug.xcconfig */,
				5346204CDCACFCC626A6BBCC /* Pods-AR WorldTests.release.xcconfig */,
				6119172DD314CBDDB1158CD5 /* Pods-AR WorldUITests.debug.xcconfig */,
				95C8B10CA083E9D615050214 /* Pods-AR WorldUITests.release.xcconfig */,
			);
			name = Pods;
			sourceTree = "<group>";
		};
		A9A27C7133ACA3AB1AACEA38 /* Frameworks */ = {
			isa = PBXGroup;
			children = (
				36A362A0C5DF78963AA42010 /* Pods_AR_World.framework */,
				67CF9617825018452B0CEB8F /* Pods_AR_WorldTests.framework */,
				4894F498E8984C25B0356CF3 /* Pods_AR_WorldUITests.framework */,
			);
			name = Frameworks;
			sourceTree = "<group>";
		};
/* End PBXGroup section */

/* Begin PBXNativeTarget section */
		7EA560E12144811800B33CF9 /* AR World */ = {
			isa = PBXNativeTarget;
			buildConfigurationList = 7EA5610A2144811900B33CF9 /* Build configuration list for PBXNativeTarget "AR World" */;
			buildPhases = (
				D416C9B5113E331E2EEF858D /* [CP] Check Pods Manifest.lock */,
				7EA560DE2144811800B33CF9 /* Sources */,
				7EA560DF2144811800B33CF9 /* Frameworks */,
				7EA560E02144811800B33CF9 /* Resources */,
				BD4FF62792D342B4FB68F18B /* [CP] Embed Pods Frameworks */,
				F6D5B3318EF645E1FFFBC690 /* [CP] Copy Pods Resources */,
			);
			buildRules = (
			);
			dependencies = (
			);
			name = "AR World";
			productName = "AR World";
			productReference = 7EA560E22144811800B33CF9 /* AR World.app */;
			productType = "com.apple.product-type.application";
		};
		7EA560F52144811900B33CF9 /* AR WorldTests */ = {
			isa = PBXNativeTarget;
			buildConfigurationList = 7EA5610D2144811900B33CF9 /* Build configuration list for PBXNativeTarget "AR WorldTests" */;
			buildPhases = (
				E65D9B45C73261AD2C717BA6 /* [CP] Check Pods Manifest.lock */,
				7EA560F22144811900B33CF9 /* Sources */,
				7EA560F32144811900B33CF9 /* Frameworks */,
				7EA560F42144811900B33CF9 /* Resources */,
			);
			buildRules = (
			);
			dependencies = (
				7EA560F82144811900B33CF9 /* PBXTargetDependency */,
			);
			name = "AR WorldTests";
			productName = "AR WorldTests";
			productReference = 7EA560F62144811900B33CF9 /* AR WorldTests.xctest */;
			productType = "com.apple.product-type.bundle.unit-test";
		};
		7EA561002144811900B33CF9 /* AR WorldUITests */ = {
			isa = PBXNativeTarget;
			buildConfigurationList = 7EA561102144811900B33CF9 /* Build configuration list for PBXNativeTarget "AR WorldUITests" */;
			buildPhases = (
				2274CDFAAA60B85A8D8900D2 /* [CP] Check Pods Manifest.lock */,
				7EA560FD2144811900B33CF9 /* Sources */,
				7EA560FE2144811900B33CF9 /* Frameworks */,
				7EA560FF2144811900B33CF9 /* Resources */,
			);
			buildRules = (
			);
			dependencies = (
				7EA561032144811900B33CF9 /* PBXTargetDependency */,
			);
			name = "AR WorldUITests";
			productName = "AR WorldUITests";
			productReference = 7EA561012144811900B33CF9 /* AR WorldUITests.xctest */;
			productType = "com.apple.product-type.bundle.ui-testing";
		};
/* End PBXNativeTarget section */

/* Begin PBXProject section */
		7EA560DA2144811800B33CF9 /* Project object */ = {
			isa = PBXProject;
			attributes = {
				LastSwiftUpdateCheck = 0940;
				LastUpgradeCheck = 0940;
				ORGANIZATIONNAME = "Nate Sesti";
				TargetAttributes = {
					7EA560E12144811800B33CF9 = {
						CreatedOnToolsVersion = 9.4.1;
						LastSwiftMigration = 1020;
						SystemCapabilities = {
							com.apple.Push = {
								enabled = 1;
							};
						};
					};
					7EA560F52144811900B33CF9 = {
						CreatedOnToolsVersion = 9.4.1;
						LastSwiftMigration = 1020;
						TestTargetID = 7EA560E12144811800B33CF9;
					};
					7EA561002144811900B33CF9 = {
						CreatedOnToolsVersion = 9.4.1;
						LastSwiftMigration = 1020;
						TestTargetID = 7EA560E12144811800B33CF9;
					};
				};
			};
			buildConfigurationList = 7EA560DD2144811800B33CF9 /* Build configuration list for PBXProject "AR World" */;
			compatibilityVersion = "Xcode 9.3";
			developmentRegion = en;
			hasScannedForEncodings = 0;
			knownRegions = (
				en,
				Base,
			);
			mainGroup = 7EA560D92144811800B33CF9;
			productRefGroup = 7EA560E32144811800B33CF9 /* Products */;
			projectDirPath = "";
			projectRoot = "";
			targets = (
				7EA560E12144811800B33CF9 /* AR World */,
				7EA560F52144811900B33CF9 /* AR WorldTests */,
				7EA561002144811900B33CF9 /* AR WorldUITests */,
			);
		};
/* End PBXProject section */

/* Begin PBXResourcesBuildPhase section */
		7EA560E02144811800B33CF9 /* Resources */ = {
			isa = PBXResourcesBuildPhase;
			buildActionMask = 2147483647;
			files = (
				7E6008CF22A55A970091D29D /* downloadOnTheAppStore.png in Resources */,
				7E6008D122A55A970091D29D /* Triangle-Background.jpg in Resources */,
				7E7A5991217FCC1100BA6BCA /* LogInViewController.xib in Resources */,
				7E56F1132148B3F70070664B /* OtherCollectionViewCell.xib in Resources */,
				7EA560F02144811900B33CF9 /* LaunchScreen.storyboard in Resources */,
				7E6EA42C21B8878D00AA800D /* SearchResultTableViewCell.xib in Resources */,
				7E6008F122A55A970091D29D /* README.md in Resources */,
				7E05077D2144835F002B2874 /* CommentsTableViewCell.xib in Resources */,
				7E05077E2144835F002B2874 /* DescriptionViewController.xib in Resources */,
				7E05078221448B63002B2874 /* GoogleService-Info.plist in Resources */,
				7E2400C02177FD1C003685F4 /* Assets.xcassets in Resources */,
				7E0507802144835F002B2874 /* CameraViewController.xib in Resources */,
				7EC7A2DB21811A1B003931FF /* UsersTableViewCell.xib in Resources */,
				7E05077A2144835F002B2874 /* MapViewController.xib in Resources */,
				7E0507762144835F002B2874 /* OtherViewController.xib in Resources */,
				7E0507742144835F002B2874 /* Main.storyboard in Resources */,
				7E56F10F2148A4FA0070664B /* Explanation in Resources */,
				7E6008F222A55A970091D29D /* _config.yml in Resources */,
				7E6008CE22A55A970091D29D /* ZStudiosLogo.png in Resources */,
			);
			runOnlyForDeploymentPostprocessing = 0;
		};
		7EA560F42144811900B33CF9 /* Resources */ = {
			isa = PBXResourcesBuildPhase;
			buildActionMask = 2147483647;
			files = (
			);
			runOnlyForDeploymentPostprocessing = 0;
		};
		7EA560FF2144811900B33CF9 /* Resources */ = {
			isa = PBXResourcesBuildPhase;
			buildActionMask = 2147483647;
			files = (
			);
			runOnlyForDeploymentPostprocessing = 0;
		};
/* End PBXResourcesBuildPhase section */

/* Begin PBXShellScriptBuildPhase section */
		2274CDFAAA60B85A8D8900D2 /* [CP] Check Pods Manifest.lock */ = {
			isa = PBXShellScriptBuildPhase;
			buildActionMask = 2147483647;
			files = (
			);
			inputPaths = (
				"${PODS_PODFILE_DIR_PATH}/Podfile.lock",
				"${PODS_ROOT}/Manifest.lock",
			);
			name = "[CP] Check Pods Manifest.lock";
			outputPaths = (
				"$(DERIVED_FILE_DIR)/Pods-AR WorldUITests-checkManifestLockResult.txt",
			);
			runOnlyForDeploymentPostprocessing = 0;
			shellPath = /bin/sh;
			shellScript = "diff \"${PODS_PODFILE_DIR_PATH}/Podfile.lock\" \"${PODS_ROOT}/Manifest.lock\" > /dev/null\nif [ $? != 0 ] ; then\n    # print error to STDERR\n    echo \"error: The sandbox is not in sync with the Podfile.lock. Run 'pod install' or update your CocoaPods installation.\" >&2\n    exit 1\nfi\n# This output is used by Xcode 'outputs' to avoid re-running this script phase.\necho \"SUCCESS\" > \"${SCRIPT_OUTPUT_FILE_0}\"\n";
			showEnvVarsInLog = 0;
		};
		BD4FF62792D342B4FB68F18B /* [CP] Embed Pods Frameworks */ = {
			isa = PBXShellScriptBuildPhase;
			buildActionMask = 2147483647;
			files = (
			);
			inputPaths = (
				"${SRCROOT}/Pods/Target Support Files/Pods-AR World/Pods-AR World-frameworks.sh",
				"${BUILT_PRODUCTS_DIR}/Bolts/Bolts.framework",
				"${BUILT_PRODUCTS_DIR}/BoringSSL-GRPC/openssl_grpc.framework",
				"${BUILT_PRODUCTS_DIR}/EFColorPicker/EFColorPicker.framework",
				"${BUILT_PRODUCTS_DIR}/FBSDKCoreKit/FBSDKCoreKit.framework",
				"${BUILT_PRODUCTS_DIR}/FBSDKLoginKit/FBSDKLoginKit.framework",
				"${BUILT_PRODUCTS_DIR}/FLAnimatedImage/FLAnimatedImage.framework",
				"${BUILT_PRODUCTS_DIR}/GTMSessionFetcher/GTMSessionFetcher.framework",
				"${BUILT_PRODUCTS_DIR}/GoogleToolboxForMac/GoogleToolboxForMac.framework",
				"${BUILT_PRODUCTS_DIR}/GoogleUtilities/GoogleUtilities.framework",
				"${PODS_ROOT}/Mapbox-iOS-SDK/dynamic/Mapbox.framework",
				"${PODS_ROOT}/Mapbox-iOS-SDK/dynamic/Mapbox.framework.dSYM",
				"${BUILT_PRODUCTS_DIR}/NSTimer-Blocks/NSTimer_Blocks.framework",
				"${BUILT_PRODUCTS_DIR}/ObjectMapper/ObjectMapper.framework",
				"${BUILT_PRODUCTS_DIR}/Protobuf/Protobuf.framework",
				"${BUILT_PRODUCTS_DIR}/SDWebImage/SDWebImage.framework",
				"${BUILT_PRODUCTS_DIR}/SwiftyGiphy/SwiftyGiphy.framework",
				"${PODS_ROOT}/TwitterCore/iOS/TwitterCore.framework",
				"${PODS_ROOT}/TwitterKit/iOS/TwitterKit.framework",
				"${BUILT_PRODUCTS_DIR}/UIFontComplete/UIFontComplete.framework",
				"${BUILT_PRODUCTS_DIR}/gRPC-C++/grpcpp.framework",
				"${BUILT_PRODUCTS_DIR}/gRPC-Core/grpc.framework",
				"${BUILT_PRODUCTS_DIR}/leveldb-library/leveldb.framework",
				"${BUILT_PRODUCTS_DIR}/nanopb/nanopb.framework",
			);
			name = "[CP] Embed Pods Frameworks";
			outputPaths = (
				"${TARGET_BUILD_DIR}/${FRAMEWORKS_FOLDER_PATH}/Bolts.framework",
				"${TARGET_BUILD_DIR}/${FRAMEWORKS_FOLDER_PATH}/openssl_grpc.framework",
				"${TARGET_BUILD_DIR}/${FRAMEWORKS_FOLDER_PATH}/EFColorPicker.framework",
				"${TARGET_BUILD_DIR}/${FRAMEWORKS_FOLDER_PATH}/FBSDKCoreKit.framework",
				"${TARGET_BUILD_DIR}/${FRAMEWORKS_FOLDER_PATH}/FBSDKLoginKit.framework",
				"${TARGET_BUILD_DIR}/${FRAMEWORKS_FOLDER_PATH}/FLAnimatedImage.framework",
				"${TARGET_BUILD_DIR}/${FRAMEWORKS_FOLDER_PATH}/GTMSessionFetcher.framework",
				"${TARGET_BUILD_DIR}/${FRAMEWORKS_FOLDER_PATH}/GoogleToolboxForMac.framework",
				"${TARGET_BUILD_DIR}/${FRAMEWORKS_FOLDER_PATH}/GoogleUtilities.framework",
				"${TARGET_BUILD_DIR}/${FRAMEWORKS_FOLDER_PATH}/Mapbox.framework",
				"${DWARF_DSYM_FOLDER_PATH}/Mapbox.framework.dSYM",
				"${TARGET_BUILD_DIR}/${FRAMEWORKS_FOLDER_PATH}/NSTimer_Blocks.framework",
				"${TARGET_BUILD_DIR}/${FRAMEWORKS_FOLDER_PATH}/ObjectMapper.framework",
				"${TARGET_BUILD_DIR}/${FRAMEWORKS_FOLDER_PATH}/Protobuf.framework",
				"${TARGET_BUILD_DIR}/${FRAMEWORKS_FOLDER_PATH}/SDWebImage.framework",
				"${TARGET_BUILD_DIR}/${FRAMEWORKS_FOLDER_PATH}/SwiftyGiphy.framework",
				"${TARGET_BUILD_DIR}/${FRAMEWORKS_FOLDER_PATH}/TwitterCore.framework",
				"${TARGET_BUILD_DIR}/${FRAMEWORKS_FOLDER_PATH}/TwitterKit.framework",
				"${TARGET_BUILD_DIR}/${FRAMEWORKS_FOLDER_PATH}/UIFontComplete.framework",
				"${TARGET_BUILD_DIR}/${FRAMEWORKS_FOLDER_PATH}/grpcpp.framework",
				"${TARGET_BUILD_DIR}/${FRAMEWORKS_FOLDER_PATH}/grpc.framework",
				"${TARGET_BUILD_DIR}/${FRAMEWORKS_FOLDER_PATH}/leveldb.framework",
				"${TARGET_BUILD_DIR}/${FRAMEWORKS_FOLDER_PATH}/nanopb.framework",
			);
			runOnlyForDeploymentPostprocessing = 0;
			shellPath = /bin/sh;
			shellScript = "\"${SRCROOT}/Pods/Target Support Files/Pods-AR World/Pods-AR World-frameworks.sh\"\n";
			showEnvVarsInLog = 0;
		};
		D416C9B5113E331E2EEF858D /* [CP] Check Pods Manifest.lock */ = {
			isa = PBXShellScriptBuildPhase;
			buildActionMask = 2147483647;
			files = (
			);
			inputPaths = (
				"${PODS_PODFILE_DIR_PATH}/Podfile.lock",
				"${PODS_ROOT}/Manifest.lock",
			);
			name = "[CP] Check Pods Manifest.lock";
			outputPaths = (
				"$(DERIVED_FILE_DIR)/Pods-AR World-checkManifestLockResult.txt",
			);
			runOnlyForDeploymentPostprocessing = 0;
			shellPath = /bin/sh;
			shellScript = "diff \"${PODS_PODFILE_DIR_PATH}/Podfile.lock\" \"${PODS_ROOT}/Manifest.lock\" > /dev/null\nif [ $? != 0 ] ; then\n    # print error to STDERR\n    echo \"error: The sandbox is not in sync with the Podfile.lock. Run 'pod install' or update your CocoaPods installation.\" >&2\n    exit 1\nfi\n# This output is used by Xcode 'outputs' to avoid re-running this script phase.\necho \"SUCCESS\" > \"${SCRIPT_OUTPUT_FILE_0}\"\n";
			showEnvVarsInLog = 0;
		};
		E65D9B45C73261AD2C717BA6 /* [CP] Check Pods Manifest.lock */ = {
			isa = PBXShellScriptBuildPhase;
			buildActionMask = 2147483647;
			files = (
			);
			inputPaths = (
				"${PODS_PODFILE_DIR_PATH}/Podfile.lock",
				"${PODS_ROOT}/Manifest.lock",
			);
			name = "[CP] Check Pods Manifest.lock";
			outputPaths = (
				"$(DERIVED_FILE_DIR)/Pods-AR WorldTests-checkManifestLockResult.txt",
			);
			runOnlyForDeploymentPostprocessing = 0;
			shellPath = /bin/sh;
			shellScript = "diff \"${PODS_PODFILE_DIR_PATH}/Podfile.lock\" \"${PODS_ROOT}/Manifest.lock\" > /dev/null\nif [ $? != 0 ] ; then\n    # print error to STDERR\n    echo \"error: The sandbox is not in sync with the Podfile.lock. Run 'pod install' or update your CocoaPods installation.\" >&2\n    exit 1\nfi\n# This output is used by Xcode 'outputs' to avoid re-running this script phase.\necho \"SUCCESS\" > \"${SCRIPT_OUTPUT_FILE_0}\"\n";
			showEnvVarsInLog = 0;
		};
		F6D5B3318EF645E1FFFBC690 /* [CP] Copy Pods Resources */ = {
			isa = PBXShellScriptBuildPhase;
			buildActionMask = 2147483647;
			files = (
			);
			inputPaths = (
				"${SRCROOT}/Pods/Target Support Files/Pods-AR World/Pods-AR World-resources.sh",
				"${PODS_CONFIGURATION_BUILD_DIR}/FirebaseUI/FirebaseAnonymousAuthUI.bundle",
				"${PODS_CONFIGURATION_BUILD_DIR}/FirebaseUI/FirebaseAuthUI.bundle",
				"${PODS_CONFIGURATION_BUILD_DIR}/FirebaseUI/FirebaseFacebookAuthUI.bundle",
				"${PODS_CONFIGURATION_BUILD_DIR}/FirebaseUI/FirebaseGoogleAuthUI.bundle",
				"${PODS_CONFIGURATION_BUILD_DIR}/FirebaseUI/FirebasePhoneAuthUI.bundle",
				"${PODS_CONFIGURATION_BUILD_DIR}/FirebaseUI/FirebaseTwitterAuthUI.bundle",
				"${PODS_ROOT}/GoogleSignIn/Resources/GoogleSignIn.bundle",
				"${PODS_ROOT}/TwitterKit/iOS/TwitterKit.framework/TwitterKitResources.bundle",
			);
			name = "[CP] Copy Pods Resources";
			outputPaths = (
				"${TARGET_BUILD_DIR}/${UNLOCALIZED_RESOURCES_FOLDER_PATH}/FirebaseAnonymousAuthUI.bundle",
				"${TARGET_BUILD_DIR}/${UNLOCALIZED_RESOURCES_FOLDER_PATH}/FirebaseAuthUI.bundle",
				"${TARGET_BUILD_DIR}/${UNLOCALIZED_RESOURCES_FOLDER_PATH}/FirebaseFacebookAuthUI.bundle",
				"${TARGET_BUILD_DIR}/${UNLOCALIZED_RESOURCES_FOLDER_PATH}/FirebaseGoogleAuthUI.bundle",
				"${TARGET_BUILD_DIR}/${UNLOCALIZED_RESOURCES_FOLDER_PATH}/FirebasePhoneAuthUI.bundle",
				"${TARGET_BUILD_DIR}/${UNLOCALIZED_RESOURCES_FOLDER_PATH}/FirebaseTwitterAuthUI.bundle",
				"${TARGET_BUILD_DIR}/${UNLOCALIZED_RESOURCES_FOLDER_PATH}/GoogleSignIn.bundle",
				"${TARGET_BUILD_DIR}/${UNLOCALIZED_RESOURCES_FOLDER_PATH}/TwitterKitResources.bundle",
			);
			runOnlyForDeploymentPostprocessing = 0;
			shellPath = /bin/sh;
			shellScript = "\"${SRCROOT}/Pods/Target Support Files/Pods-AR World/Pods-AR World-resources.sh\"\n";
			showEnvVarsInLog = 0;
		};
/* End PBXShellScriptBuildPhase section */

/* Begin PBXSourcesBuildPhase section */
		7EA560DE2144811800B33CF9 /* Sources */ = {
			isa = PBXSourcesBuildPhase;
			buildActionMask = 2147483647;
			files = (
				7E6008C822A55A970091D29D /* DarkMode.swift in Sources */,
				7E6008F022A55A970091D29D /* TimeInterval.swift in Sources */,
				7E0A326321B1D2EF00B83EB5 /* DrawingView.swift in Sources */,
				7E6008CA22A55A970091D29D /* OtherAppsTableViewCell.swift in Sources */,
				7E0507752144835F002B2874 /* ViewController.swift in Sources */,
				7E74658E229F624500D4B10E /* ExplanationEnums.swift in Sources */,
				7E6008C422A55A970091D29D /* TYNumberPicker.swift in Sources */,
				7E6BB69921AF58740033EB8F /* GeoQuery.swift in Sources */,
				7E7A5990217FCC1100BA6BCA /* LogInViewController.swift in Sources */,
				7E17FCD62160238100131960 /* InfoButton.swift in Sources */,
				7E6008E222A55A970091D29D /* CLLocationCoordinate2D.swift in Sources */,
				7E6008D822A55A970091D29D /* CALayer.swift in Sources */,
				7E56F1122148B3F70070664B /* OtherCollectionViewCell.swift in Sources */,
				7E6008EB22A55A970091D29D /* CGFloat.swift in Sources */,
				7E6008C122A55A970091D29D /* Timer.swift in Sources */,
				7E6008C922A55A970091D29D /* OtherAppsTableViewController.swift in Sources */,
				7E6008E122A55A970091D29D /* CGSize.swift in Sources */,
				7E6008E422A55A970091D29D /* Int.swift in Sources */,
				7E6008C022A55A970091D29D /* TYDatePicker.swift in Sources */,
				7E6008E822A55A970091D29D /* SCNVector3.swift in Sources */,
				7E6008EE22A55A970091D29D /* CGRect.swift in Sources */,
				7E05073121448336002B2874 /* UIImage+Gif.swift in Sources */,
				7E7B02E421B32C38002F2470 /* CustomCalloutView.swift in Sources */,
				7E15360621B4AD1600300F37 /* MultilineTextField.swift in Sources */,
				7E05073221448336002B2874 /* iOSDevCenters+GIF.swift in Sources */,
				7E6008D522A55A970091D29D /* DeviceType.swift in Sources */,
				7E6008E622A55A970091D29D /* CGPoint.swift in Sources */,
				7E6008CD22A55A970091D29D /* Operators.swift in Sources */,
				7E6008D922A55A970091D29D /* Date.swift in Sources */,
				7E0507782144835F002B2874 /* OtherViewController.swift in Sources */,
				7E6EA42B21B8878D00AA800D /* SearchResultTableViewCell.swift in Sources */,
				7E58E7D821616EA600758774 /* UsernameLinkButton.swift in Sources */,
				7E6008E922A55A970091D29D /* UIViewController.swift in Sources */,
				7E6008D422A55A970091D29D /* RandomEnums.swift in Sources */,
				7E05077C2144835F002B2874 /* CommentsTableViewCell.swift in Sources */,
				7E0507792144835F002B2874 /* CameraViewController.swift in Sources */,
				7E6008EC22A55A970091D29D /* Double.swift in Sources */,
				7E6008ED22A55A970091D29D /* Bool.swift in Sources */,
				7E6008D622A55A970091D29D /* SetupVariables.swift in Sources */,
				7E6008DF22A55A970091D29D /* Selector.swift in Sources */,
				7EC7A2DA21811A1B003931FF /* UsersTableViewCell.swift in Sources */,
				7EC7A2DD21811F87003931FF /* Variables.swift in Sources */,
				7E6008CB22A55A970091D29D /* OtherAppsButton.swift in Sources */,
				7EC7A2D6218119EA003931FF /* UsersTableViewController.swift in Sources */,
				7E6008EA22A55A970091D29D /* UINavigationBar.swift in Sources */,
				7E0A326121B1882200B83EB5 /* DrawingViewController.swift in Sources */,
				7E6008DE22A55A970091D29D /* UIColor.swift in Sources */,
				7E6008DB22A55A970091D29D /* UIGestureRecognizer.swift in Sources */,
				7E6008C222A55A970091D29D /* TYNumberPickerLineCell.swift in Sources */,
				7E6008DA22A55A970091D29D /* UIView.swift in Sources */,
				7E6008D322A55A970091D29D /* Taptics.swift in Sources */,
				7E6008DC22A55A970091D29D /* Array.swift in Sources */,
				7E6008CC22A55A970091D29D /* App.swift in Sources */,
				7EC9EBE2217BF1E300E981E9 /* PopupViewController.swift in Sources */,
				7E05077B2144835F002B2874 /* MapViewController.swift in Sources */,
				7E6008DD22A55A970091D29D /* SKPhysicsBody.swift in Sources */,
				7E6008C722A55A970091D29D /* RatingAccessoryViewController.swift in Sources */,
				7EA560E62144811800B33CF9 /* AppDelegate.swift in Sources */,
				7E6008EF22A55A970091D29D /* CGColor.swift in Sources */,
				7E6008C522A55A970091D29D /* RatingAlertController.swift in Sources */,
				7E2400C92178124D003685F4 /* Functions.swift in Sources */,
				7E0507772144835F002B2874 /* DescriptionViewController.swift in Sources */,
				7E6008C322A55A970091D29D /* TYColorPicker.swift in Sources */,
				7E288137217FEC0500E442B6 /* AuthHandlerViewController.swift in Sources */,
				7E6EA42821B87EEC00AA800D /* SearchViewController.swift in Sources */,
				7E6008D222A55A970091D29D /* NTimer.swift in Sources */,
				7E2400C721780E7F003685F4 /* Extensions.swift in Sources */,
				7E6008F422A55ACC0091D29D /* String.swift in Sources */,
				7E6008D722A55A970091D29D /* WebViewController.swift in Sources */,
				7E6008E722A55A970091D29D /* UIImage.swift in Sources */,
				7E6008D022A55A970091D29D /* PixelStructs.swift in Sources */,
				7E05077F2144835F002B2874 /* Annotations.swift in Sources */,
				7E6008E022A55A970091D29D /* NSObject.swift in Sources */,
				7E5134EB21AF3F1C002235E2 /* FontTableViewController.swift in Sources */,
				7E6008E522A55A970091D29D /* CGVector.swift in Sources */,
				7E6008C622A55A970091D29D /* UIAlerts.swift in Sources */,
				7E6008E322A55A970091D29D /* SKPhysicsContact.swift in Sources */,
			);
			runOnlyForDeploymentPostprocessing = 0;
		};
		7EA560F22144811900B33CF9 /* Sources */ = {
			isa = PBXSourcesBuildPhase;
			buildActionMask = 2147483647;
			files = (
				7EA560FB2144811900B33CF9 /* AR_WorldTests.swift in Sources */,
			);
			runOnlyForDeploymentPostprocessing = 0;
		};
		7EA560FD2144811900B33CF9 /* Sources */ = {
			isa = PBXSourcesBuildPhase;
			buildActionMask = 2147483647;
			files = (
				7EA561062144811900B33CF9 /* AR_WorldUITests.swift in Sources */,
			);
			runOnlyForDeploymentPostprocessing = 0;
		};
/* End PBXSourcesBuildPhase section */

/* Begin PBXTargetDependency section */
		7EA560F82144811900B33CF9 /* PBXTargetDependency */ = {
			isa = PBXTargetDependency;
			target = 7EA560E12144811800B33CF9 /* AR World */;
			targetProxy = 7EA560F72144811900B33CF9 /* PBXContainerItemProxy */;
		};
		7EA561032144811900B33CF9 /* PBXTargetDependency */ = {
			isa = PBXTargetDependency;
			target = 7EA560E12144811800B33CF9 /* AR World */;
			targetProxy = 7EA561022144811900B33CF9 /* PBXContainerItemProxy */;
		};
/* End PBXTargetDependency section */

/* Begin PBXVariantGroup section */
		7EA560EE2144811900B33CF9 /* LaunchScreen.storyboard */ = {
			isa = PBXVariantGroup;
			children = (
				7EA560EF2144811900B33CF9 /* Base */,
			);
			name = LaunchScreen.storyboard;
			sourceTree = "<group>";
		};
/* End PBXVariantGroup section */

/* Begin XCBuildConfiguration section */
		7EA561082144811900B33CF9 /* Debug */ = {
			isa = XCBuildConfiguration;
			buildSettings = {
				ALWAYS_SEARCH_USER_PATHS = NO;
				CLANG_ANALYZER_NONNULL = YES;
				CLANG_ANALYZER_NUMBER_OBJECT_CONVERSION = YES_AGGRESSIVE;
				CLANG_CXX_LANGUAGE_STANDARD = "gnu++14";
				CLANG_CXX_LIBRARY = "libc++";
				CLANG_ENABLE_MODULES = YES;
				CLANG_ENABLE_OBJC_ARC = YES;
				CLANG_ENABLE_OBJC_WEAK = YES;
				CLANG_WARN_BLOCK_CAPTURE_AUTORELEASING = YES;
				CLANG_WARN_BOOL_CONVERSION = YES;
				CLANG_WARN_COMMA = YES;
				CLANG_WARN_CONSTANT_CONVERSION = YES;
				CLANG_WARN_DEPRECATED_OBJC_IMPLEMENTATIONS = YES;
				CLANG_WARN_DIRECT_OBJC_ISA_USAGE = YES_ERROR;
				CLANG_WARN_DOCUMENTATION_COMMENTS = YES;
				CLANG_WARN_EMPTY_BODY = YES;
				CLANG_WARN_ENUM_CONVERSION = YES;
				CLANG_WARN_INFINITE_RECURSION = YES;
				CLANG_WARN_INT_CONVERSION = YES;
				CLANG_WARN_NON_LITERAL_NULL_CONVERSION = YES;
				CLANG_WARN_OBJC_IMPLICIT_RETAIN_SELF = YES;
				CLANG_WARN_OBJC_LITERAL_CONVERSION = YES;
				CLANG_WARN_OBJC_ROOT_CLASS = YES_ERROR;
				CLANG_WARN_RANGE_LOOP_ANALYSIS = YES;
				CLANG_WARN_STRICT_PROTOTYPES = YES;
				CLANG_WARN_SUSPICIOUS_MOVE = YES;
				CLANG_WARN_UNGUARDED_AVAILABILITY = YES_AGGRESSIVE;
				CLANG_WARN_UNREACHABLE_CODE = YES;
				CLANG_WARN__DUPLICATE_METHOD_MATCH = YES;
				CODE_SIGN_IDENTITY = "iPhone Developer";
				COPY_PHASE_STRIP = NO;
				DEBUG_INFORMATION_FORMAT = dwarf;
				ENABLE_STRICT_OBJC_MSGSEND = YES;
				ENABLE_TESTABILITY = YES;
				GCC_C_LANGUAGE_STANDARD = gnu11;
				GCC_DYNAMIC_NO_PIC = NO;
				GCC_NO_COMMON_BLOCKS = YES;
				GCC_OPTIMIZATION_LEVEL = 0;
				GCC_PREPROCESSOR_DEFINITIONS = (
					"DEBUG=1",
					"$(inherited)",
				);
				GCC_WARN_64_TO_32_BIT_CONVERSION = YES;
				GCC_WARN_ABOUT_RETURN_TYPE = YES_ERROR;
				GCC_WARN_UNDECLARED_SELECTOR = YES;
				GCC_WARN_UNINITIALIZED_AUTOS = YES_AGGRESSIVE;
				GCC_WARN_UNUSED_FUNCTION = YES;
				GCC_WARN_UNUSED_VARIABLE = YES;
				IPHONEOS_DEPLOYMENT_TARGET = 11.4;
				MTL_ENABLE_DEBUG_INFO = YES;
				ONLY_ACTIVE_ARCH = YES;
				SDKROOT = iphoneos;
				SWIFT_ACTIVE_COMPILATION_CONDITIONS = DEBUG;
				SWIFT_OPTIMIZATION_LEVEL = "-Onone";
			};
			name = Debug;
		};
		7EA561092144811900B33CF9 /* Release */ = {
			isa = XCBuildConfiguration;
			buildSettings = {
				ALWAYS_SEARCH_USER_PATHS = NO;
				CLANG_ANALYZER_NONNULL = YES;
				CLANG_ANALYZER_NUMBER_OBJECT_CONVERSION = YES_AGGRESSIVE;
				CLANG_CXX_LANGUAGE_STANDARD = "gnu++14";
				CLANG_CXX_LIBRARY = "libc++";
				CLANG_ENABLE_MODULES = YES;
				CLANG_ENABLE_OBJC_ARC = YES;
				CLANG_ENABLE_OBJC_WEAK = YES;
				CLANG_WARN_BLOCK_CAPTURE_AUTORELEASING = YES;
				CLANG_WARN_BOOL_CONVERSION = YES;
				CLANG_WARN_COMMA = YES;
				CLANG_WARN_CONSTANT_CONVERSION = YES;
				CLANG_WARN_DEPRECATED_OBJC_IMPLEMENTATIONS = YES;
				CLANG_WARN_DIRECT_OBJC_ISA_USAGE = YES_ERROR;
				CLANG_WARN_DOCUMENTATION_COMMENTS = YES;
				CLANG_WARN_EMPTY_BODY = YES;
				CLANG_WARN_ENUM_CONVERSION = YES;
				CLANG_WARN_INFINITE_RECURSION = YES;
				CLANG_WARN_INT_CONVERSION = YES;
				CLANG_WARN_NON_LITERAL_NULL_CONVERSION = YES;
				CLANG_WARN_OBJC_IMPLICIT_RETAIN_SELF = YES;
				CLANG_WARN_OBJC_LITERAL_CONVERSION = YES;
				CLANG_WARN_OBJC_ROOT_CLASS = YES_ERROR;
				CLANG_WARN_RANGE_LOOP_ANALYSIS = YES;
				CLANG_WARN_STRICT_PROTOTYPES = YES;
				CLANG_WARN_SUSPICIOUS_MOVE = YES;
				CLANG_WARN_UNGUARDED_AVAILABILITY = YES_AGGRESSIVE;
				CLANG_WARN_UNREACHABLE_CODE = YES;
				CLANG_WARN__DUPLICATE_METHOD_MATCH = YES;
				CODE_SIGN_IDENTITY = "iPhone Developer";
				COPY_PHASE_STRIP = NO;
				DEBUG_INFORMATION_FORMAT = "dwarf-with-dsym";
				ENABLE_NS_ASSERTIONS = NO;
				ENABLE_STRICT_OBJC_MSGSEND = YES;
				GCC_C_LANGUAGE_STANDARD = gnu11;
				GCC_NO_COMMON_BLOCKS = YES;
				GCC_WARN_64_TO_32_BIT_CONVERSION = YES;
				GCC_WARN_ABOUT_RETURN_TYPE = YES_ERROR;
				GCC_WARN_UNDECLARED_SELECTOR = YES;
				GCC_WARN_UNINITIALIZED_AUTOS = YES_AGGRESSIVE;
				GCC_WARN_UNUSED_FUNCTION = YES;
				GCC_WARN_UNUSED_VARIABLE = YES;
				IPHONEOS_DEPLOYMENT_TARGET = 11.4;
				MTL_ENABLE_DEBUG_INFO = NO;
				SDKROOT = iphoneos;
				SWIFT_COMPILATION_MODE = wholemodule;
				SWIFT_OPTIMIZATION_LEVEL = "-O";
				VALIDATE_PRODUCT = YES;
			};
			name = Release;
		};
		7EA5610B2144811900B33CF9 /* Debug */ = {
			isa = XCBuildConfiguration;
			baseConfigurationReference = 01EB0FF0C3D220EF2B46CBC0 /* Pods-AR World.debug.xcconfig */;
			buildSettings = {
				ASSETCATALOG_COMPILER_APPICON_NAME = AppIcon;
				CODE_SIGN_ENTITLEMENTS = "AR World/AR World.entitlements";
				CODE_SIGN_STYLE = Automatic;
				DEVELOPMENT_TEAM = R369N894US;
				INFOPLIST_FILE = "AR World/Info.plist";
				IPHONEOS_DEPLOYMENT_TARGET = 11.0;
				LD_RUNPATH_SEARCH_PATHS = (
					"$(inherited)",
					"@executable_path/Frameworks",
				);
				PRODUCT_BUNDLE_IDENTIFIER = NateSesti.Glome;
				PRODUCT_NAME = "$(TARGET_NAME)";
				SWIFT_VERSION = 5.0;
				TARGETED_DEVICE_FAMILY = 1;
			};
			name = Debug;
		};
		7EA5610C2144811900B33CF9 /* Release */ = {
			isa = XCBuildConfiguration;
			baseConfigurationReference = 5D6DC45FD309E1D76BEB1624 /* Pods-AR World.release.xcconfig */;
			buildSettings = {
				ASSETCATALOG_COMPILER_APPICON_NAME = AppIcon;
				CODE_SIGN_ENTITLEMENTS = "AR World/AR World.entitlements";
				CODE_SIGN_STYLE = Automatic;
				DEVELOPMENT_TEAM = R369N894US;
				INFOPLIST_FILE = "AR World/Info.plist";
				IPHONEOS_DEPLOYMENT_TARGET = 11.0;
				LD_RUNPATH_SEARCH_PATHS = (
					"$(inherited)",
					"@executable_path/Frameworks",
				);
				PRODUCT_BUNDLE_IDENTIFIER = NateSesti.Glome;
				PRODUCT_NAME = "$(TARGET_NAME)";
				SWIFT_VERSION = 5.0;
				TARGETED_DEVICE_FAMILY = 1;
			};
			name = Release;
		};
		7EA5610E2144811900B33CF9 /* Debug */ = {
			isa = XCBuildConfiguration;
			baseConfigurationReference = A4B2BAED67E4AE72B24C7F37 /* Pods-AR WorldTests.debug.xcconfig */;
			buildSettings = {
				ALWAYS_EMBED_SWIFT_STANDARD_LIBRARIES = YES;
				BUNDLE_LOADER = "$(TEST_HOST)";
				CODE_SIGN_STYLE = Automatic;
				DEVELOPMENT_TEAM = R369N894US;
				INFOPLIST_FILE = "AR WorldTests/Info.plist";
				LD_RUNPATH_SEARCH_PATHS = (
					"$(inherited)",
					"@executable_path/Frameworks",
					"@loader_path/Frameworks",
				);
				PRODUCT_BUNDLE_IDENTIFIER = "NateSesti.AR-WorldTests";
				PRODUCT_NAME = "$(TARGET_NAME)";
				SWIFT_VERSION = 5.0;
				TARGETED_DEVICE_FAMILY = "1,2";
				TEST_HOST = "$(BUILT_PRODUCTS_DIR)/AR World.app/AR World";
			};
			name = Debug;
		};
		7EA5610F2144811900B33CF9 /* Release */ = {
			isa = XCBuildConfiguration;
			baseConfigurationReference = 5346204CDCACFCC626A6BBCC /* Pods-AR WorldTests.release.xcconfig */;
			buildSettings = {
				ALWAYS_EMBED_SWIFT_STANDARD_LIBRARIES = YES;
				BUNDLE_LOADER = "$(TEST_HOST)";
				CODE_SIGN_STYLE = Automatic;
				DEVELOPMENT_TEAM = R369N894US;
				INFOPLIST_FILE = "AR WorldTests/Info.plist";
				LD_RUNPATH_SEARCH_PATHS = (
					"$(inherited)",
					"@executable_path/Frameworks",
					"@loader_path/Frameworks",
				);
				PRODUCT_BUNDLE_IDENTIFIER = "NateSesti.AR-WorldTests";
				PRODUCT_NAME = "$(TARGET_NAME)";
				SWIFT_VERSION = 5.0;
				TARGETED_DEVICE_FAMILY = "1,2";
				TEST_HOST = "$(BUILT_PRODUCTS_DIR)/AR World.app/AR World";
			};
			name = Release;
		};
		7EA561112144811900B33CF9 /* Debug */ = {
			isa = XCBuildConfiguration;
			baseConfigurationReference = 6119172DD314CBDDB1158CD5 /* Pods-AR WorldUITests.debug.xcconfig */;
			buildSettings = {
				ALWAYS_EMBED_SWIFT_STANDARD_LIBRARIES = YES;
				CODE_SIGN_STYLE = Automatic;
				DEVELOPMENT_TEAM = R369N894US;
				INFOPLIST_FILE = "AR WorldUITests/Info.plist";
				LD_RUNPATH_SEARCH_PATHS = (
					"$(inherited)",
					"@executable_path/Frameworks",
					"@loader_path/Frameworks",
				);
				PRODUCT_BUNDLE_IDENTIFIER = "NateSesti.AR-WorldUITests";
				PRODUCT_NAME = "$(TARGET_NAME)";
				SWIFT_VERSION = 5.0;
				TARGETED_DEVICE_FAMILY = "1,2";
				TEST_TARGET_NAME = "AR World";
			};
			name = Debug;
		};
		7EA561122144811900B33CF9 /* Release */ = {
			isa = XCBuildConfiguration;
			baseConfigurationReference = 95C8B10CA083E9D615050214 /* Pods-AR WorldUITests.release.xcconfig */;
			buildSettings = {
				ALWAYS_EMBED_SWIFT_STANDARD_LIBRARIES = YES;
				CODE_SIGN_STYLE = Automatic;
				DEVELOPMENT_TEAM = R369N894US;
				INFOPLIST_FILE = "AR WorldUITests/Info.plist";
				LD_RUNPATH_SEARCH_PATHS = (
					"$(inherited)",
					"@executable_path/Frameworks",
					"@loader_path/Frameworks",
				);
				PRODUCT_BUNDLE_IDENTIFIER = "NateSesti.AR-WorldUITests";
				PRODUCT_NAME = "$(TARGET_NAME)";
				SWIFT_VERSION = 5.0;
				TARGETED_DEVICE_FAMILY = "1,2";
				TEST_TARGET_NAME = "AR World";
			};
			name = Release;
		};
/* End XCBuildConfiguration section */

/* Begin XCConfigurationList section */
		7EA560DD2144811800B33CF9 /* Build configuration list for PBXProject "AR World" */ = {
			isa = XCConfigurationList;
			buildConfigurations = (
				7EA561082144811900B33CF9 /* Debug */,
				7EA561092144811900B33CF9 /* Release */,
			);
			defaultConfigurationIsVisible = 0;
			defaultConfigurationName = Release;
		};
		7EA5610A2144811900B33CF9 /* Build configuration list for PBXNativeTarget "AR World" */ = {
			isa = XCConfigurationList;
			buildConfigurations = (
				7EA5610B2144811900B33CF9 /* Debug */,
				7EA5610C2144811900B33CF9 /* Release */,
			);
			defaultConfigurationIsVisible = 0;
			defaultConfigurationName = Release;
		};
		7EA5610D2144811900B33CF9 /* Build configuration list for PBXNativeTarget "AR WorldTests" */ = {
			isa = XCConfigurationList;
			buildConfigurations = (
				7EA5610E2144811900B33CF9 /* Debug */,
				7EA5610F2144811900B33CF9 /* Release */,
			);
			defaultConfigurationIsVisible = 0;
			defaultConfigurationName = Release;
		};
		7EA561102144811900B33CF9 /* Build configuration list for PBXNativeTarget "AR WorldUITests" */ = {
			isa = XCConfigurationList;
			buildConfigurations = (
				7EA561112144811900B33CF9 /* Debug */,
				7EA561122144811900B33CF9 /* Release */,
			);
			defaultConfigurationIsVisible = 0;
			defaultConfigurationName = Release;
		};
/* End XCConfigurationList section */
	};
	rootObject = 7EA560DA2144811800B33CF9 /* Project object */;
}
