// !$*UTF8*$!
{
	archiveVersion = 1;
	classes = {
	};
	objectVersion = 50;
	objects = {

/* Begin PBXBuildFile section */
		7EA560E62144811800B33CF9 /* AppDelegate.swift in Sources */ = {isa = PBXBuildFile; fileRef = 7EA560E52144811800B33CF9 /* AppDelegate.swift */; };
		7EA560E82144811800B33CF9 /* ViewController.swift in Sources */ = {isa = PBXBuildFile; fileRef = 7EA560E72144811800B33CF9 /* ViewController.swift */; };
		7EA560EB2144811800B33CF9 /* Main.storyboard in Resources */ = {isa = PBXBuildFile; fileRef = 7EA560E92144811800B33CF9 /* Main.storyboard */; };
		7EA560ED2144811900B33CF9 /* Assets.xcassets in Resources */ = {isa = PBXBuildFile; fileRef = 7EA560EC2144811900B33CF9 /* Assets.xcassets */; };
		7EA560F02144811900B33CF9 /* LaunchScreen.storyboard in Resources */ = {isa = PBXBuildFile; fileRef = 7EA560EE2144811900B33CF9 /* LaunchScreen.storyboard */; };
		7EA560FB2144811900B33CF9 /* AR_WorldTests.swift in Sources */ = {isa = PBXBuildFile; fileRef = 7EA560FA2144811900B33CF9 /* AR_WorldTests.swift */; };
		7EA561062144811900B33CF9 /* AR_WorldUITests.swift in Sources */ = {isa = PBXBuildFile; fileRef = 7EA561052144811900B33CF9 /* AR_WorldUITests.swift */; };
/* End PBXBuildFile section */

/* Begin PBXContainerItemProxy section */
		7EA560F72144811900B33CF9 /* PBXContainerItemProxy */ = {
			isa = PBXContainerItemProxy;
			containerPortal = 7EA560DA2144811800B33CF9 /* Project object */;
			proxyType = 1;
			remoteGlobalIDString = 7EA560E12144811800B33CF9;
			remoteInfo = "AR World";
		};
		7EA561022144811900B33CF9 /* PBXContainerItemProxy */ = {
			isa = PBXContainerItemProxy;
			containerPortal = 7EA560DA2144811800B33CF9 /* Project object */;
			proxyType = 1;
			remoteGlobalIDString = 7EA560E12144811800B33CF9;
			remoteInfo = "AR World";
		};
/* End PBXContainerItemProxy section */

/* Begin PBXFileReference section */
		7EA560E22144811800B33CF9 /* AR World.app */ = {isa = PBXFileReference; explicitFileType = wrapper.application; includeInIndex = 0; path = "AR World.app"; sourceTree = BUILT_PRODUCTS_DIR; };
		7EA560E52144811800B33CF9 /* AppDelegate.swift */ = {isa = PBXFileReference; lastKnownFileType = sourcecode.swift; path = AppDelegate.swift; sourceTree = "<group>"; };
		7EA560E72144811800B33CF9 /* ViewController.swift */ = {isa = PBXFileReference; lastKnownFileType = sourcecode.swift; path = ViewController.swift; sourceTree = "<group>"; };
		7EA560EA2144811800B33CF9 /* Base */ = {isa = PBXFileReference; lastKnownFileType = file.storyboard; name = Base; path = Base.lproj/Main.storyboard; sourceTree = "<group>"; };
		7EA560EC2144811900B33CF9 /* Assets.xcassets */ = {isa = PBXFileReference; lastKnownFileType = folder.assetcatalog; path = Assets.xcassets; sourceTree = "<group>"; };
		7EA560EF2144811900B33CF9 /* Base */ = {isa = PBXFileReference; lastKnownFileType = file.storyboard; name = Base; path = Base.lproj/LaunchScreen.storyboard; sourceTree = "<group>"; };
		7EA560F12144811900B33CF9 /* Info.plist */ = {isa = PBXFileReference; lastKnownFileType = text.plist.xml; path = Info.plist; sourceTree = "<group>"; };
		7EA560F62144811900B33CF9 /* AR WorldTests.xctest */ = {isa = PBXFileReference; explicitFileType = wrapper.cfbundle; includeInIndex = 0; path = "AR WorldTests.xctest"; sourceTree = BUILT_PRODUCTS_DIR; };
		7EA560FA2144811900B33CF9 /* AR_WorldTests.swift */ = {isa = PBXFileReference; lastKnownFileType = sourcecode.swift; path = AR_WorldTests.swift; sourceTree = "<group>"; };
		7EA560FC2144811900B33CF9 /* Info.plist */ = {isa = PBXFileReference; lastKnownFileType = text.plist.xml; path = Info.plist; sourceTree = "<group>"; };
		7EA561012144811900B33CF9 /* AR WorldUITests.xctest */ = {isa = PBXFileReference; explicitFileType = wrapper.cfbundle; includeInIndex = 0; path = "AR WorldUITests.xctest"; sourceTree = BUILT_PRODUCTS_DIR; };
		7EA561052144811900B33CF9 /* AR_WorldUITests.swift */ = {isa = PBXFileReference; lastKnownFileType = sourcecode.swift; path = AR_WorldUITests.swift; sourceTree = "<group>"; };
		7EA561072144811900B33CF9 /* Info.plist */ = {isa = PBXFileReference; lastKnownFileType = text.plist.xml; path = Info.plist; sourceTree = "<group>"; };
/* End PBXFileReference section */

/* Begin PBXFrameworksBuildPhase section */
		7EA560DF2144811800B33CF9 /* Frameworks */ = {
			isa = PBXFrameworksBuildPhase;
			buildActionMask = 2147483647;
			files = (
			);
			runOnlyForDeploymentPostprocessing = 0;
		};
		7EA560F32144811900B33CF9 /* Frameworks */ = {
			isa = PBXFrameworksBuildPhase;
			buildActionMask = 2147483647;
			files = (
			);
			runOnlyForDeploymentPostprocessing = 0;
		};
		7EA560FE2144811900B33CF9 /* Frameworks */ = {
			isa = PBXFrameworksBuildPhase;
			buildActionMask = 2147483647;
			files = (
			);
			runOnlyForDeploymentPostprocessing = 0;
		};
/* End PBXFrameworksBuildPhase section */

/* Begin PBXGroup section */
		7EA560D92144811800B33CF9 = {
			isa = PBXGroup;
			children = (
				7EA560E42144811800B33CF9 /* AR World */,
				7EA560F92144811900B33CF9 /* AR WorldTests */,
				7EA561042144811900B33CF9 /* AR WorldUITests */,
				7EA560E32144811800B33CF9 /* Products */,
			);
			sourceTree = "<group>";
		};
		7EA560E32144811800B33CF9 /* Products */ = {
			isa = PBXGroup;
			children = (
				7EA560E22144811800B33CF9 /* AR World.app */,
				7EA560F62144811900B33CF9 /* AR WorldTests.xctest */,
				7EA561012144811900B33CF9 /* AR WorldUITests.xctest */,
			);
			name = Products;
			sourceTree = "<group>";
		};
		7EA560E42144811800B33CF9 /* AR World */ = {
			isa = PBXGroup;
			children = (
				7EA560E52144811800B33CF9 /* AppDelegate.swift */,
				7EA560E72144811800B33CF9 /* ViewController.swift */,
				7EA560E92144811800B33CF9 /* Main.storyboard */,
				7EA560EC2144811900B33CF9 /* Assets.xcassets */,
				7EA560EE2144811900B33CF9 /* LaunchScreen.storyboard */,
				7EA560F12144811900B33CF9 /* Info.plist */,
			);
			path = "AR World";
			sourceTree = "<group>";
		};
		7EA560F92144811900B33CF9 /* AR WorldTests */ = {
			isa = PBXGroup;
			children = (
				7EA560FA2144811900B33CF9 /* AR_WorldTests.swift */,
				7EA560FC2144811900B33CF9 /* Info.plist */,
			);
			path = "AR WorldTests";
			sourceTree = "<group>";
		};
		7EA561042144811900B33CF9 /* AR WorldUITests */ = {
			isa = PBXGroup;
			children = (
				7EA561052144811900B33CF9 /* AR_WorldUITests.swift */,
				7EA561072144811900B33CF9 /* Info.plist */,
			);
			path = "AR WorldUITests";
			sourceTree = "<group>";
		};
/* End PBXGroup section */

/* Begin PBXNativeTarget section */
		7EA560E12144811800B33CF9 /* AR World */ = {
			isa = PBXNativeTarget;
			buildConfigurationList = 7EA5610A2144811900B33CF9 /* Build configuration list for PBXNativeTarget "AR World" */;
			buildPhases = (
				7EA560DE2144811800B33CF9 /* Sources */,
				7EA560DF2144811800B33CF9 /* Frameworks */,
				7EA560E02144811800B33CF9 /* Resources */,
			);
			buildRules = (
			);
			dependencies = (
			);
			name = "AR World";
			productName = "AR World";
			productReference = 7EA560E22144811800B33CF9 /* AR World.app */;
			productType = "com.apple.product-type.application";
		};
		7EA560F52144811900B33CF9 /* AR WorldTests */ = {
			isa = PBXNativeTarget;
			buildConfigurationList = 7EA5610D2144811900B33CF9 /* Build configuration list for PBXNativeTarget "AR WorldTests" */;
			buildPhases = (
				7EA560F22144811900B33CF9 /* Sources */,
				7EA560F32144811900B33CF9 /* Frameworks */,
				7EA560F42144811900B33CF9 /* Resources */,
			);
			buildRules = (
			);
			dependencies = (
				7EA560F82144811900B33CF9 /* PBXTargetDependency */,
			);
			name = "AR WorldTests";
			productName = "AR WorldTests";
			productReference = 7EA560F62144811900B33CF9 /* AR WorldTests.xctest */;
			productType = "com.apple.product-type.bundle.unit-test";
		};
		7EA561002144811900B33CF9 /* AR WorldUITests */ = {
			isa = PBXNativeTarget;
			buildConfigurationList = 7EA561102144811900B33CF9 /* Build configuration list for PBXNativeTarget "AR WorldUITests" */;
			buildPhases = (
				7EA560FD2144811900B33CF9 /* Sources */,
				7EA560FE2144811900B33CF9 /* Frameworks */,
				7EA560FF2144811900B33CF9 /* Resources */,
			);
			buildRules = (
			);
			dependencies = (
				7EA561032144811900B33CF9 /* PBXTargetDependency */,
			);
			name = "AR WorldUITests";
			productName = "AR WorldUITests";
			productReference = 7EA561012144811900B33CF9 /* AR WorldUITests.xctest */;
			productType = "com.apple.product-type.bundle.ui-testing";
		};
/* End PBXNativeTarget section */

/* Begin PBXProject section */
		7EA560DA2144811800B33CF9 /* Project object */ = {
			isa = PBXProject;
			attributes = {
				LastSwiftUpdateCheck = 0940;
				LastUpgradeCheck = 0940;
				ORGANIZATIONNAME = "Nate Sesti";
				TargetAttributes = {
					7EA560E12144811800B33CF9 = {
						CreatedOnToolsVersion = 9.4.1;
					};
					7EA560F52144811900B33CF9 = {
						CreatedOnToolsVersion = 9.4.1;
						TestTargetID = 7EA560E12144811800B33CF9;
					};
					7EA561002144811900B33CF9 = {
						CreatedOnToolsVersion = 9.4.1;
						TestTargetID = 7EA560E12144811800B33CF9;
					};
				};
			};
			buildConfigurationList = 7EA560DD2144811800B33CF9 /* Build configuration list for PBXProject "AR World" */;
			compatibilityVersion = "Xcode 9.3";
			developmentRegion = en;
			hasScannedForEncodings = 0;
			knownRegions = (
				en,
				Base,
			);
			mainGroup = 7EA560D92144811800B33CF9;
			productRefGroup = 7EA560E32144811800B33CF9 /* Products */;
			projectDirPath = "";
			projectRoot = "";
			targets = (
				7EA560E12144811800B33CF9 /* AR World */,
				7EA560F52144811900B33CF9 /* AR WorldTests */,
				7EA561002144811900B33CF9 /* AR WorldUITests */,
			);
		};
/* End PBXProject section */

/* Begin PBXResourcesBuildPhase section */
		7EA560E02144811800B33CF9 /* Resources */ = {
			isa = PBXResourcesBuildPhase;
			buildActionMask = 2147483647;
			files = (
				7EA560F02144811900B33CF9 /* LaunchScreen.storyboard in Resources */,
				7EA560ED2144811900B33CF9 /* Assets.xcassets in Resources */,
				7EA560EB2144811800B33CF9 /* Main.storyboard in Resources */,
			);
			runOnlyForDeploymentPostprocessing = 0;
		};
		7EA560F42144811900B33CF9 /* Resources */ = {
			isa = PBXResourcesBuildPhase;
			buildActionMask = 2147483647;
			files = (
			);
			runOnlyForDeploymentPostprocessing = 0;
		};
		7EA560FF2144811900B33CF9 /* Resources */ = {
			isa = PBXResourcesBuildPhase;
			buildActionMask = 2147483647;
			files = (
			);
			runOnlyForDeploymentPostprocessing = 0;
		};
/* End PBXResourcesBuildPhase section */

/* Begin PBXSourcesBuildPhase section */
		7EA560DE2144811800B33CF9 /* Sources */ = {
			isa = PBXSourcesBuildPhase;
			buildActionMask = 2147483647;
			files = (
				7EA560E82144811800B33CF9 /* ViewController.swift in Sources */,
				7EA560E62144811800B33CF9 /* AppDelegate.swift in Sources */,
			);
			runOnlyForDeploymentPostprocessing = 0;
		};
		7EA560F22144811900B33CF9 /* Sources */ = {
			isa = PBXSourcesBuildPhase;
			buildActionMask = 2147483647;
			files = (
				7EA560FB2144811900B33CF9 /* AR_WorldTests.swift in Sources */,
			);
			runOnlyForDeploymentPostprocessing = 0;
		};
		7EA560FD2144811900B33CF9 /* Sources */ = {
			isa = PBXSourcesBuildPhase;
			buildActionMask = 2147483647;
			files = (
				7EA561062144811900B33CF9 /* AR_WorldUITests.swift in Sources */,
			);
			runOnlyForDeploymentPostprocessing = 0;
		};
/* End PBXSourcesBuildPhase section */

/* Begin PBXTargetDependency section */
		7EA560F82144811900B33CF9 /* PBXTargetDependency */ = {
			isa = PBXTargetDependency;
			target = 7EA560E12144811800B33CF9 /* AR World */;
			targetProxy = 7EA560F72144811900B33CF9 /* PBXContainerItemProxy */;
		};
		7EA561032144811900B33CF9 /* PBXTargetDependency */ = {
			isa = PBXTargetDependency;
			target = 7EA560E12144811800B33CF9 /* AR World */;
			targetProxy = 7EA561022144811900B33CF9 /* PBXContainerItemProxy */;
		};
/* End PBXTargetDependency section */

/* Begin PBXVariantGroup section */
		7EA560E92144811800B33CF9 /* Main.storyboard */ = {
			isa = PBXVariantGroup;
			children = (
				7EA560EA2144811800B33CF9 /* Base */,
			);
			name = Main.storyboard;
			sourceTree = "<group>";
		};
		7EA560EE2144811900B33CF9 /* LaunchScreen.storyboard */ = {
			isa = PBXVariantGroup;
			children = (
				7EA560EF2144811900B33CF9 /* Base */,
			);
			name = LaunchScreen.storyboard;
			sourceTree = "<group>";
		};
/* End PBXVariantGroup section */

/* Begin XCBuildConfiguration section */
		7EA561082144811900B33CF9 /* Debug */ = {
			isa = XCBuildConfiguration;
			buildSettings = {
				ALWAYS_SEARCH_USER_PATHS = NO;
				CLANG_ANALYZER_NONNULL = YES;
				CLANG_ANALYZER_NUMBER_OBJECT_CONVERSION = YES_AGGRESSIVE;
				CLANG_CXX_LANGUAGE_STANDARD = "gnu++14";
				CLANG_CXX_LIBRARY = "libc++";
				CLANG_ENABLE_MODULES = YES;
				CLANG_ENABLE_OBJC_ARC = YES;
				CLANG_ENABLE_OBJC_WEAK = YES;
				CLANG_WARN_BLOCK_CAPTURE_AUTORELEASING = YES;
				CLANG_WARN_BOOL_CONVERSION = YES;
				CLANG_WARN_COMMA = YES;
				CLANG_WARN_CONSTANT_CONVERSION = YES;
				CLANG_WARN_DEPRECATED_OBJC_IMPLEMENTATIONS = YES;
				CLANG_WARN_DIRECT_OBJC_ISA_USAGE = YES_ERROR;
				CLANG_WARN_DOCUMENTATION_COMMENTS = YES;
				CLANG_WARN_EMPTY_BODY = YES;
				CLANG_WARN_ENUM_CONVERSION = YES;
				CLANG_WARN_INFINITE_RECURSION = YES;
				CLANG_WARN_INT_CONVERSION = YES;
				CLANG_WARN_NON_LITERAL_NULL_CONVERSION = YES;
				CLANG_WARN_OBJC_IMPLICIT_RETAIN_SELF = YES;
				CLANG_WARN_OBJC_LITERAL_CONVERSION = YES;
				CLANG_WARN_OBJC_ROOT_CLASS = YES_ERROR;
				CLANG_WARN_RANGE_LOOP_ANALYSIS = YES;
				CLANG_WARN_STRICT_PROTOTYPES = YES;
				CLANG_WARN_SUSPICIOUS_MOVE = YES;
				CLANG_WARN_UNGUARDED_AVAILABILITY = YES_AGGRESSIVE;
				CLANG_WARN_UNREACHABLE_CODE = YES;
				CLANG_WARN__DUPLICATE_METHOD_MATCH = YES;
				CODE_SIGN_IDENTITY = "iPhone Developer";
				COPY_PHASE_STRIP = NO;
				DEBUG_INFORMATION_FORMAT = dwarf;
				ENABLE_STRICT_OBJC_MSGSEND = YES;
				ENABLE_TESTABILITY = YES;
				GCC_C_LANGUAGE_STANDARD = gnu11;
				GCC_DYNAMIC_NO_PIC = NO;
				GCC_NO_COMMON_BLOCKS = YES;
				GCC_OPTIMIZATION_LEVEL = 0;
				GCC_PREPROCESSOR_DEFINITIONS = (
					"DEBUG=1",
					"$(inherited)",
				);
				GCC_WARN_64_TO_32_BIT_CONVERSION = YES;
				GCC_WARN_ABOUT_RETURN_TYPE = YES_ERROR;
				GCC_WARN_UNDECLARED_SELECTOR = YES;
				GCC_WARN_UNINITIALIZED_AUTOS = YES_AGGRESSIVE;
				GCC_WARN_UNUSED_FUNCTION = YES;
				GCC_WARN_UNUSED_VARIABLE = YES;
				IPHONEOS_DEPLOYMENT_TARGET = 11.4;
				MTL_ENABLE_DEBUG_INFO = YES;
				ONLY_ACTIVE_ARCH = YES;
				SDKROOT = iphoneos;
				SWIFT_ACTIVE_COMPILATION_CONDITIONS = DEBUG;
				SWIFT_OPTIMIZATION_LEVEL = "-Onone";
			};
			name = Debug;
		};
		7EA561092144811900B33CF9 /* Release */ = {
			isa = XCBuildConfiguration;
			buildSettings = {
				ALWAYS_SEARCH_USER_PATHS = NO;
				CLANG_ANALYZER_NONNULL = YES;
				CLANG_ANALYZER_NUMBER_OBJECT_CONVERSION = YES_AGGRESSIVE;
				CLANG_CXX_LANGUAGE_STANDARD = "gnu++14";
				CLANG_CXX_LIBRARY = "libc++";
				CLANG_ENABLE_MODULES = YES;
				CLANG_ENABLE_OBJC_ARC = YES;
				CLANG_ENABLE_OBJC_WEAK = YES;
				CLANG_WARN_BLOCK_CAPTURE_AUTORELEASING = YES;
				CLANG_WARN_BOOL_CONVERSION = YES;
				CLANG_WARN_COMMA = YES;
				CLANG_WARN_CONSTANT_CONVERSION = YES;
				CLANG_WARN_DEPRECATED_OBJC_IMPLEMENTATIONS = YES;
				CLANG_WARN_DIRECT_OBJC_ISA_USAGE = YES_ERROR;
				CLANG_WARN_DOCUMENTATION_COMMENTS = YES;
				CLANG_WARN_EMPTY_BODY = YES;
				CLANG_WARN_ENUM_CONVERSION = YES;
				CLANG_WARN_INFINITE_RECURSION = YES;
				CLANG_WARN_INT_CONVERSION = YES;
				CLANG_WARN_NON_LITERAL_NULL_CONVERSION = YES;
				CLANG_WARN_OBJC_IMPLICIT_RETAIN_SELF = YES;
				CLANG_WARN_OBJC_LITERAL_CONVERSION = YES;
				CLANG_WARN_OBJC_ROOT_CLASS = YES_ERROR;
				CLANG_WARN_RANGE_LOOP_ANALYSIS = YES;
				CLANG_WARN_STRICT_PROTOTYPES = YES;
				CLANG_WARN_SUSPICIOUS_MOVE = YES;
				CLANG_WARN_UNGUARDED_AVAILABILITY = YES_AGGRESSIVE;
				CLANG_WARN_UNREACHABLE_CODE = YES;
				CLANG_WARN__DUPLICATE_METHOD_MATCH = YES;
				CODE_SIGN_IDENTITY = "iPhone Developer";
				COPY_PHASE_STRIP = NO;
				DEBUG_INFORMATION_FORMAT = "dwarf-with-dsym";
				ENABLE_NS_ASSERTIONS = NO;
				ENABLE_STRICT_OBJC_MSGSEND = YES;
				GCC_C_LANGUAGE_STANDARD = gnu11;
				GCC_NO_COMMON_BLOCKS = YES;
				GCC_WARN_64_TO_32_BIT_CONVERSION = YES;
				GCC_WARN_ABOUT_RETURN_TYPE = YES_ERROR;
				GCC_WARN_UNDECLARED_SELECTOR = YES;
				GCC_WARN_UNINITIALIZED_AUTOS = YES_AGGRESSIVE;
				GCC_WARN_UNUSED_FUNCTION = YES;
				GCC_WARN_UNUSED_VARIABLE = YES;
				IPHONEOS_DEPLOYMENT_TARGET = 11.4;
				MTL_ENABLE_DEBUG_INFO = NO;
				SDKROOT = iphoneos;
				SWIFT_COMPILATION_MODE = wholemodule;
				SWIFT_OPTIMIZATION_LEVEL = "-O";
				VALIDATE_PRODUCT = YES;
			};
			name = Release;
		};
		7EA5610B2144811900B33CF9 /* Debug */ = {
			isa = XCBuildConfiguration;
			buildSettings = {
				ASSETCATALOG_COMPILER_APPICON_NAME = AppIcon;
				CODE_SIGN_STYLE = Automatic;
				DEVELOPMENT_TEAM = R369N894US;
				INFOPLIST_FILE = "AR World/Info.plist";
				LD_RUNPATH_SEARCH_PATHS = (
					"$(inherited)",
					"@executable_path/Frameworks",
				);
				PRODUCT_BUNDLE_IDENTIFIER = "NateSesti.AR-World";
				PRODUCT_NAME = "$(TARGET_NAME)";
				SWIFT_VERSION = 4.0;
				TARGETED_DEVICE_FAMILY = "1,2";
			};
			name = Debug;
		};
		7EA5610C2144811900B33CF9 /* Release */ = {
			isa = XCBuildConfiguration;
			buildSettings = {
				ASSETCATALOG_COMPILER_APPICON_NAME = AppIcon;
				CODE_SIGN_STYLE = Automatic;
				DEVELOPMENT_TEAM = R369N894US;
				INFOPLIST_FILE = "AR World/Info.plist";
				LD_RUNPATH_SEARCH_PATHS = (
					"$(inherited)",
					"@executable_path/Frameworks",
				);
				PRODUCT_BUNDLE_IDENTIFIER = "NateSesti.AR-World";
				PRODUCT_NAME = "$(TARGET_NAME)";
				SWIFT_VERSION = 4.0;
				TARGETED_DEVICE_FAMILY = "1,2";
			};
			name = Release;
		};
		7EA5610E2144811900B33CF9 /* Debug */ = {
			isa = XCBuildConfiguration;
			buildSettings = {
				ALWAYS_EMBED_SWIFT_STANDARD_LIBRARIES = YES;
				BUNDLE_LOADER = "$(TEST_HOST)";
				CODE_SIGN_STYLE = Automatic;
				DEVELOPMENT_TEAM = R369N894US;
				INFOPLIST_FILE = "AR WorldTests/Info.plist";
				LD_RUNPATH_SEARCH_PATHS = (
					"$(inherited)",
					"@executable_path/Frameworks",
					"@loader_path/Frameworks",
				);
				PRODUCT_BUNDLE_IDENTIFIER = "NateSesti.AR-WorldTests";
				PRODUCT_NAME = "$(TARGET_NAME)";
				SWIFT_VERSION = 4.0;
				TARGETED_DEVICE_FAMILY = "1,2";
				TEST_HOST = "$(BUILT_PRODUCTS_DIR)/AR World.app/AR World";
			};
			name = Debug;
		};
		7EA5610F2144811900B33CF9 /* Release */ = {
			isa = XCBuildConfiguration;
			buildSettings = {
				ALWAYS_EMBED_SWIFT_STANDARD_LIBRARIES = YES;
				BUNDLE_LOADER = "$(TEST_HOST)";
				CODE_SIGN_STYLE = Automatic;
				DEVELOPMENT_TEAM = R369N894US;
				INFOPLIST_FILE = "AR WorldTests/Info.plist";
				LD_RUNPATH_SEARCH_PATHS = (
					"$(inherited)",
					"@executable_path/Frameworks",
					"@loader_path/Frameworks",
				);
				PRODUCT_BUNDLE_IDENTIFIER = "NateSesti.AR-WorldTests";
				PRODUCT_NAME = "$(TARGET_NAME)";
				SWIFT_VERSION = 4.0;
				TARGETED_DEVICE_FAMILY = "1,2";
				TEST_HOST = "$(BUILT_PRODUCTS_DIR)/AR World.app/AR World";
			};
			name = Release;
		};
		7EA561112144811900B33CF9 /* Debug */ = {
			isa = XCBuildConfiguration;
			buildSettings = {
				ALWAYS_EMBED_SWIFT_STANDARD_LIBRARIES = YES;
				CODE_SIGN_STYLE = Automatic;
				DEVELOPMENT_TEAM = R369N894US;
				INFOPLIST_FILE = "AR WorldUITests/Info.plist";
				LD_RUNPATH_SEARCH_PATHS = (
					"$(inherited)",
					"@executable_path/Frameworks",
					"@loader_path/Frameworks",
				);
				PRODUCT_BUNDLE_IDENTIFIER = "NateSesti.AR-WorldUITests";
				PRODUCT_NAME = "$(TARGET_NAME)";
				SWIFT_VERSION = 4.0;
				TARGETED_DEVICE_FAMILY = "1,2";
				TEST_TARGET_NAME = "AR World";
			};
			name = Debug;
		};
		7EA561122144811900B33CF9 /* Release */ = {
			isa = XCBuildConfiguration;
			buildSettings = {
				ALWAYS_EMBED_SWIFT_STANDARD_LIBRARIES = YES;
				CODE_SIGN_STYLE = Automatic;
				DEVELOPMENT_TEAM = R369N894US;
				INFOPLIST_FILE = "AR WorldUITests/Info.plist";
				LD_RUNPATH_SEARCH_PATHS = (
					"$(inherited)",
					"@executable_path/Frameworks",
					"@loader_path/Frameworks",
				);
				PRODUCT_BUNDLE_IDENTIFIER = "NateSesti.AR-WorldUITests";
				PRODUCT_NAME = "$(TARGET_NAME)";
				SWIFT_VERSION = 4.0;
				TARGETED_DEVICE_FAMILY = "1,2";
				TEST_TARGET_NAME = "AR World";
			};
			name = Release;
		};
/* End XCBuildConfiguration section */

/* Begin XCConfigurationList section */
		7EA560DD2144811800B33CF9 /* Build configuration list for PBXProject "AR World" */ = {
			isa = XCConfigurationList;
			buildConfigurations = (
				7EA561082144811900B33CF9 /* Debug */,
				7EA561092144811900B33CF9 /* Release */,
			);
			defaultConfigurationIsVisible = 0;
			defaultConfigurationName = Release;
		};
		7EA5610A2144811900B33CF9 /* Build configuration list for PBXNativeTarget "AR World" */ = {
			isa = XCConfigurationList;
			buildConfigurations = (
				7EA5610B2144811900B33CF9 /* Debug */,
				7EA5610C2144811900B33CF9 /* Release */,
			);
			defaultConfigurationIsVisible = 0;
			defaultConfigurationName = Release;
		};
		7EA5610D2144811900B33CF9 /* Build configuration list for PBXNativeTarget "AR WorldTests" */ = {
			isa = XCConfigurationList;
			buildConfigurations = (
				7EA5610E2144811900B33CF9 /* Debug */,
				7EA5610F2144811900B33CF9 /* Release */,
			);
			defaultConfigurationIsVisible = 0;
			defaultConfigurationName = Release;
		};
		7EA561102144811900B33CF9 /* Build configuration list for PBXNativeTarget "AR WorldUITests" */ = {
			isa = XCConfigurationList;
			buildConfigurations = (
				7EA561112144811900B33CF9 /* Debug */,
				7EA561122144811900B33CF9 /* Release */,
			);
			defaultConfigurationIsVisible = 0;
			defaultConfigurationName = Release;
		};
/* End XCConfigurationList section */
	};
	rootObject = 7EA560DA2144811800B33CF9 /* Project object */;
}
